// !$*UTF8*$!
{
	archiveVersion = 1;
	classes = {
	};
	objectVersion = 46;
	objects = {

/* Begin PBXBuildFile section */
		3BB8206F45E3E04313A11F5C /* Pods_Health_AppTests.framework in Frameworks */ = {isa = PBXBuildFile; fileRef = 52DDE118EE49FA24EF295792 /* Pods_Health_AppTests.framework */; };
		7A010B021E1214CD002585D8 /* LaunchScreen.storyboard in Resources */ = {isa = PBXBuildFile; fileRef = 7A010B001E1214CD002585D8 /* LaunchScreen.storyboard */; };
		7A010B031E1214CD002585D8 /* Main.storyboard in Resources */ = {isa = PBXBuildFile; fileRef = 7A010B011E1214CD002585D8 /* Main.storyboard */; };
		7A46151D1E0BB7D100A32ED8 /* UserInfo.swift in Sources */ = {isa = PBXBuildFile; fileRef = 7A46151C1E0BB7D100A32ED8 /* UserInfo.swift */; };
		7A4615211E0BB85E00A32ED8 /* Meal.swift in Sources */ = {isa = PBXBuildFile; fileRef = 7A4615201E0BB85E00A32ED8 /* Meal.swift */; };
		7A6257BD1E0D070B00C2C669 /* DataRecording.swift in Sources */ = {isa = PBXBuildFile; fileRef = 7A6257BC1E0D070B00C2C669 /* DataRecording.swift */; };
		7A6257BF1E0D071200C2C669 /* UserDataManager.swift in Sources */ = {isa = PBXBuildFile; fileRef = 7A6257BE1E0D071200C2C669 /* UserDataManager.swift */; };
		7A7878F41E1D04D300CD6E6C /* BikoInputCell.swift in Sources */ = {isa = PBXBuildFile; fileRef = 7A7878F21E1D04D300CD6E6C /* BikoInputCell.swift */; };
		7A7878F51E1D04D300CD6E6C /* BikoInputCell.xib in Resources */ = {isa = PBXBuildFile; fileRef = 7A7878F31E1D04D300CD6E6C /* BikoInputCell.xib */; };
		7A7878F71E1D0EC400CD6E6C /* BikoInputCellModel.swift in Sources */ = {isa = PBXBuildFile; fileRef = 7A7878F61E1D0EC400CD6E6C /* BikoInputCellModel.swift */; };
		7A7878F91E1DF49000CD6E6C /* MealInfo.swift in Sources */ = {isa = PBXBuildFile; fileRef = 7A7878F81E1DF49000CD6E6C /* MealInfo.swift */; };
		7AC4B6AF1E139BF8002EDA74 /* TargetDialog.swift in Sources */ = {isa = PBXBuildFile; fileRef = 7AC4B6AD1E139BF8002EDA74 /* TargetDialog.swift */; };
		7AC4B6B01E139BF8002EDA74 /* TargetDialog.xib in Resources */ = {isa = PBXBuildFile; fileRef = 7AC4B6AE1E139BF8002EDA74 /* TargetDialog.xib */; };
		7AC4B6B91E139C12002EDA74 /* HealthDatePickerView.swift in Sources */ = {isa = PBXBuildFile; fileRef = 7AC4B6B21E139C12002EDA74 /* HealthDatePickerView.swift */; };
		7AC4B6BA1E139C12002EDA74 /* HealthDatePickerView.xib in Resources */ = {isa = PBXBuildFile; fileRef = 7AC4B6B31E139C12002EDA74 /* HealthDatePickerView.xib */; };
		7AC4B6BB1E139C12002EDA74 /* HealthDatePickerViewController.swift in Sources */ = {isa = PBXBuildFile; fileRef = 7AC4B6B41E139C12002EDA74 /* HealthDatePickerViewController.swift */; };
		7AC4B6BC1E139C12002EDA74 /* HealthDatePickerViewController.xib in Resources */ = {isa = PBXBuildFile; fileRef = 7AC4B6B51E139C12002EDA74 /* HealthDatePickerViewController.xib */; };
		7AC4B6BD1E139C12002EDA74 /* InfiniDialogViewController.swift in Sources */ = {isa = PBXBuildFile; fileRef = 7AC4B6B71E139C12002EDA74 /* InfiniDialogViewController.swift */; };
		7AC4B6BE1E139C12002EDA74 /* InfiniDialogViewController.xib in Resources */ = {isa = PBXBuildFile; fileRef = 7AC4B6B81E139C12002EDA74 /* InfiniDialogViewController.xib */; };
		7AC4B6C11E139C4D002EDA74 /* String+HelperMethod.swift in Sources */ = {isa = PBXBuildFile; fileRef = 7AC4B6BF1E139C4D002EDA74 /* String+HelperMethod.swift */; };
		7AC4B6C21E139C4D002EDA74 /* UIViewController+ShowPopup.swift in Sources */ = {isa = PBXBuildFile; fileRef = 7AC4B6C01E139C4D002EDA74 /* UIViewController+ShowPopup.swift */; };
		7AC4B6C41E13B5A1002EDA74 /* SingleItemCellModel.swift in Sources */ = {isa = PBXBuildFile; fileRef = 7AC4B6C31E13B5A1002EDA74 /* SingleItemCellModel.swift */; };
		7AEBDEA11E0A7375000DBB2D /* AppDelegate.swift in Sources */ = {isa = PBXBuildFile; fileRef = 7AEBDEA01E0A7375000DBB2D /* AppDelegate.swift */; };
		7AEBDEAA1E0A7376000DBB2D /* Assets.xcassets in Resources */ = {isa = PBXBuildFile; fileRef = 7AEBDEA91E0A7376000DBB2D /* Assets.xcassets */; };
		7AEBDEB81E0A7376000DBB2D /* Health_AppTests.swift in Sources */ = {isa = PBXBuildFile; fileRef = 7AEBDEB71E0A7376000DBB2D /* Health_AppTests.swift */; };
		7AEBDEC31E0A7376000DBB2D /* Health_AppUITests.swift in Sources */ = {isa = PBXBuildFile; fileRef = 7AEBDEC21E0A7376000DBB2D /* Health_AppUITests.swift */; };
		7AEBDED71E0A7BA3000DBB2D /* BaseViewController.swift in Sources */ = {isa = PBXBuildFile; fileRef = 7AEBDED61E0A7BA3000DBB2D /* BaseViewController.swift */; };
		7AEBDEDD1E0A7BF1000DBB2D /* CheckPhotoViewController.swift in Sources */ = {isa = PBXBuildFile; fileRef = 7AEBDEDC1E0A7BF1000DBB2D /* CheckPhotoViewController.swift */; };
		7AEBDEE01E0A7FB7000DBB2D /* WelcomeViewController.swift in Sources */ = {isa = PBXBuildFile; fileRef = 7AEBDEDF1E0A7FB7000DBB2D /* WelcomeViewController.swift */; };
		7AEBDEE21E0A7FCA000DBB2D /* UserInfoViewController.swift in Sources */ = {isa = PBXBuildFile; fileRef = 7AEBDEE11E0A7FCA000DBB2D /* UserInfoViewController.swift */; };
		7AEBDEE41E0A80DB000DBB2D /* HomeViewController.swift in Sources */ = {isa = PBXBuildFile; fileRef = 7AEBDEE31E0A80DB000DBB2D /* HomeViewController.swift */; };
		7AEBDEE61E0A835F000DBB2D /* TakePhotoViewController.swift in Sources */ = {isa = PBXBuildFile; fileRef = 7AEBDEE51E0A835F000DBB2D /* TakePhotoViewController.swift */; };
		7AEBDEE81E0A83F0000DBB2D /* DataRecordingViewController.swift in Sources */ = {isa = PBXBuildFile; fileRef = 7AEBDEE71E0A83F0000DBB2D /* DataRecordingViewController.swift */; };
		7AEBDEEB1E0A88C8000DBB2D /* AppConfig.swift in Sources */ = {isa = PBXBuildFile; fileRef = 7AEBDEE91E0A88C8000DBB2D /* AppConfig.swift */; };
		7AEBDEEC1E0A88C8000DBB2D /* AppConfig+Keys.swift in Sources */ = {isa = PBXBuildFile; fileRef = 7AEBDEEA1E0A88C8000DBB2D /* AppConfig+Keys.swift */; };
		7AF5A3141E1F6B7000297DB1 /* InputSegmentedCell.swift in Sources */ = {isa = PBXBuildFile; fileRef = 7AF5A3121E1F6B7000297DB1 /* InputSegmentedCell.swift */; };
		7AF5A3171E1F6E3B00297DB1 /* InputSegmentedCellModel.swift in Sources */ = {isa = PBXBuildFile; fileRef = 7AF5A3161E1F6E3B00297DB1 /* InputSegmentedCellModel.swift */; };
		7AF5A3191E1F748400297DB1 /* AppConfig+Fonts.swift in Sources */ = {isa = PBXBuildFile; fileRef = 7AF5A3181E1F748400297DB1 /* AppConfig+Fonts.swift */; };
		7AF66AF01E1BB81F00A7C01E /* AppConfig+Strings.swift in Sources */ = {isa = PBXBuildFile; fileRef = 7AF66AEF1E1BB81F00A7C01E /* AppConfig+Strings.swift */; };
		7AF66AF31E1BB87700A7C01E /* AddMoreCell.swift in Sources */ = {isa = PBXBuildFile; fileRef = 7AF66AF11E1BB87700A7C01E /* AddMoreCell.swift */; };
		7AF66AF41E1BB87700A7C01E /* AddMoreCell.xib in Resources */ = {isa = PBXBuildFile; fileRef = 7AF66AF21E1BB87700A7C01E /* AddMoreCell.xib */; };
		7AF66AF61E1BB9E700A7C01E /* AddMoreCellModel.swift in Sources */ = {isa = PBXBuildFile; fileRef = 7AF66AF51E1BB9E700A7C01E /* AddMoreCellModel.swift */; };
		7AFF1F8B1E127E1300C34CC5 /* InputDataCell.swift in Sources */ = {isa = PBXBuildFile; fileRef = 7AFF1F8A1E127E1300C34CC5 /* InputDataCell.swift */; };
		7AFF1F8D1E127EF500C34CC5 /* InputDataCellModel.swift in Sources */ = {isa = PBXBuildFile; fileRef = 7AFF1F8C1E127EF500C34CC5 /* InputDataCellModel.swift */; };
		7AFF1F911E128B9D00C34CC5 /* BaseCell.xib in Resources */ = {isa = PBXBuildFile; fileRef = 7AFF1F8F1E128B9D00C34CC5 /* BaseCell.xib */; };
		7AFF1F941E138F7200C34CC5 /* MomentumView.xib in Resources */ = {isa = PBXBuildFile; fileRef = 7AFF1F931E138F7200C34CC5 /* MomentumView.xib */; };
		8C4E34C51E23A19A00112867 /* Float+HelperMethod.swift in Sources */ = {isa = PBXBuildFile; fileRef = 8C4E34C41E23A19A00112867 /* Float+HelperMethod.swift */; };
		8CA846F01E13BED0009CF72D /* NormalHome.xib in Resources */ = {isa = PBXBuildFile; fileRef = 8CA846EF1E13BED0009CF72D /* NormalHome.xib */; };
		8CB06AA61E14FD9400EEEA39 /* BikoHome.xib in Resources */ = {isa = PBXBuildFile; fileRef = 8CB06AA51E14FD9400EEEA39 /* BikoHome.xib */; };
		98481DE01E1F6D59005185D7 /* CustomDismissAnimationController.swift in Sources */ = {isa = PBXBuildFile; fileRef = 98481DDF1E1F6D59005185D7 /* CustomDismissAnimationController.swift */; };
		985C35A21E1BB90C003DEC72 /* RadioCell.swift in Sources */ = {isa = PBXBuildFile; fileRef = 985C35A01E1BB90C003DEC72 /* RadioCell.swift */; };
		985C35A31E1BB90C003DEC72 /* RadioCell.xib in Resources */ = {isa = PBXBuildFile; fileRef = 985C35A11E1BB90C003DEC72 /* RadioCell.xib */; };
		985C35A51E1BBC05003DEC72 /* HowToDrinkViewController.swift in Sources */ = {isa = PBXBuildFile; fileRef = 985C35A41E1BBC05003DEC72 /* HowToDrinkViewController.swift */; };
		985C35A71E1BBC31003DEC72 /* HowToDrinkDataSource.swift in Sources */ = {isa = PBXBuildFile; fileRef = 985C35A61E1BBC31003DEC72 /* HowToDrinkDataSource.swift */; };
		985C35A91E1BC18E003DEC72 /* RadioCellModel.swift in Sources */ = {isa = PBXBuildFile; fileRef = 985C35A81E1BC18E003DEC72 /* RadioCellModel.swift */; };
		9861CE3A1E150545002C12DE /* BaseDialogView.swift in Sources */ = {isa = PBXBuildFile; fileRef = 9861CE371E150545002C12DE /* BaseDialogView.swift */; };
		9861CE3B1E150545002C12DE /* TargetWeightSettingDialog.swift in Sources */ = {isa = PBXBuildFile; fileRef = 9861CE381E150545002C12DE /* TargetWeightSettingDialog.swift */; };
		9861CE3C1E150545002C12DE /* TargetWeightSettingDialog.xib in Resources */ = {isa = PBXBuildFile; fileRef = 9861CE391E150545002C12DE /* TargetWeightSettingDialog.xib */; };
		9861CE3F1E150703002C12DE /* Utils.swift in Sources */ = {isa = PBXBuildFile; fileRef = 9861CE3D1E150703002C12DE /* Utils.swift */; };
		9861CE401E150703002C12DE /* Utils+ShowDialogs.swift in Sources */ = {isa = PBXBuildFile; fileRef = 9861CE3E1E150703002C12DE /* Utils+ShowDialogs.swift */; };
		987ADF741E1B9E8900868DE9 /* AddNewMealDialog.swift in Sources */ = {isa = PBXBuildFile; fileRef = 987ADF731E1B9E8900868DE9 /* AddNewMealDialog.swift */; };
		987ADF761E1B9EA100868DE9 /* AddNewMealDialog.xib in Resources */ = {isa = PBXBuildFile; fileRef = 987ADF751E1B9EA100868DE9 /* AddNewMealDialog.xib */; };
		98E894221E1B550500866ADB /* CalorieSavingSettingDialog.swift in Sources */ = {isa = PBXBuildFile; fileRef = 98E894211E1B550500866ADB /* CalorieSavingSettingDialog.swift */; };
		98E894241E1B551200866ADB /* CalorieSavingSettingDialog.xib in Resources */ = {isa = PBXBuildFile; fileRef = 98E894231E1B551200866ADB /* CalorieSavingSettingDialog.xib */; };
		98E894261E1B608B00866ADB /* SelectBikokusaiDialog.swift in Sources */ = {isa = PBXBuildFile; fileRef = 98E894251E1B608B00866ADB /* SelectBikokusaiDialog.swift */; };
		98E894281E1B609C00866ADB /* SelectBikokusaiDialog.xib in Resources */ = {isa = PBXBuildFile; fileRef = 98E894271E1B609C00866ADB /* SelectBikokusaiDialog.xib */; };
		98E8942D1E1B63E300866ADB /* SSRadioButton.swift in Sources */ = {isa = PBXBuildFile; fileRef = 98E8942B1E1B63E300866ADB /* SSRadioButton.swift */; };
		98E8942E1E1B63E300866ADB /* SSRadioButtonsController.swift in Sources */ = {isa = PBXBuildFile; fileRef = 98E8942C1E1B63E300866ADB /* SSRadioButtonsController.swift */; };
		A55709BA1E0CF43000C82970 /* TextInputCellModel.swift in Sources */ = {isa = PBXBuildFile; fileRef = A55709B91E0CF43000C82970 /* TextInputCellModel.swift */; };
		A55709BC1E0CF5CE00C82970 /* TextInputCell.swift in Sources */ = {isa = PBXBuildFile; fileRef = A55709BB1E0CF5CE00C82970 /* TextInputCell.swift */; };
		A55709BE1E0CFB3900C82970 /* TextInputCell.xib in Resources */ = {isa = PBXBuildFile; fileRef = A55709BD1E0CFB3900C82970 /* TextInputCell.xib */; };
		A55709CB1E0D012800C82970 /* RegexMatching.swift in Sources */ = {isa = PBXBuildFile; fileRef = A55709CA1E0D012800C82970 /* RegexMatching.swift */; };
		A55709CF1E0D210100C82970 /* SegmentedCell.swift in Sources */ = {isa = PBXBuildFile; fileRef = A55709CE1E0D210100C82970 /* SegmentedCell.swift */; };
		A55709D11E0D212D00C82970 /* SegmentedCell.xib in Resources */ = {isa = PBXBuildFile; fileRef = A55709D01E0D212D00C82970 /* SegmentedCell.xib */; };
		A55709D31E0D223200C82970 /* SegmentedCellModel.swift in Sources */ = {isa = PBXBuildFile; fileRef = A55709D21E0D223200C82970 /* SegmentedCellModel.swift */; };
		A5575B4D1E1F729400BFA803 /* ValidatingTextField.swift in Sources */ = {isa = PBXBuildFile; fileRef = A5575B4C1E1F729400BFA803 /* ValidatingTextField.swift */; };
		A5575B4F1E1F73C600BFA803 /* FloatTextField.swift in Sources */ = {isa = PBXBuildFile; fileRef = A5575B4E1E1F73C600BFA803 /* FloatTextField.swift */; };
		A58AE9351E0C13B100E75549 /* BaseDataSource.swift in Sources */ = {isa = PBXBuildFile; fileRef = A58AE9341E0C13B100E75549 /* BaseDataSource.swift */; };
		A58AE9371E0C13C300E75549 /* BaseTableViewController.swift in Sources */ = {isa = PBXBuildFile; fileRef = A58AE9361E0C13C300E75549 /* BaseTableViewController.swift */; };
		A58AE93A1E0C144700E75549 /* WelcomeDataSource.swift in Sources */ = {isa = PBXBuildFile; fileRef = A58AE9391E0C144700E75549 /* WelcomeDataSource.swift */; };
		A58AE93C1E0C182D00E75549 /* UserInfoDataSource.swift in Sources */ = {isa = PBXBuildFile; fileRef = A58AE93B1E0C182D00E75549 /* UserInfoDataSource.swift */; };
		A58AE93E1E0C185000E75549 /* HomeDataSource.swift in Sources */ = {isa = PBXBuildFile; fileRef = A58AE93D1E0C185000E75549 /* HomeDataSource.swift */; };
		A58AE9401E0C188400E75549 /* SettingsViewController.swift in Sources */ = {isa = PBXBuildFile; fileRef = A58AE93F1E0C188400E75549 /* SettingsViewController.swift */; };
		A58AE9421E0C189200E75549 /* SettingsDataSource.swift in Sources */ = {isa = PBXBuildFile; fileRef = A58AE9411E0C189200E75549 /* SettingsDataSource.swift */; };
		A58AE9441E0C18F800E75549 /* DataRecordingDataSource.swift in Sources */ = {isa = PBXBuildFile; fileRef = A58AE9431E0C18F800E75549 /* DataRecordingDataSource.swift */; };
		A58AE9471E0C196000E75549 /* MyDataViewController.swift in Sources */ = {isa = PBXBuildFile; fileRef = A58AE9461E0C196000E75549 /* MyDataViewController.swift */; };
		A58AE9491E0C197800E75549 /* MyDataDataSource.swift in Sources */ = {isa = PBXBuildFile; fileRef = A58AE9481E0C197800E75549 /* MyDataDataSource.swift */; };
		A58AE94B1E0C19C700E75549 /* BasicDataSettingViewController.swift in Sources */ = {isa = PBXBuildFile; fileRef = A58AE94A1E0C19C700E75549 /* BasicDataSettingViewController.swift */; };
		A58AE94E1E0C19F200E75549 /* BasicDataSettingDataSource.swift in Sources */ = {isa = PBXBuildFile; fileRef = A58AE94D1E0C19F200E75549 /* BasicDataSettingDataSource.swift */; };
		A58AE9511E0C1A2500E75549 /* BikokusaiSettingViewController.swift in Sources */ = {isa = PBXBuildFile; fileRef = A58AE9501E0C1A2500E75549 /* BikokusaiSettingViewController.swift */; };
		A58AE9531E0C1A3300E75549 /* BikokusaiSettingDataSource.swift in Sources */ = {isa = PBXBuildFile; fileRef = A58AE9521E0C1A3300E75549 /* BikokusaiSettingDataSource.swift */; };
		A58AE9561E0C1A9600E75549 /* ReminderSettingViewController.swift in Sources */ = {isa = PBXBuildFile; fileRef = A58AE9551E0C1A9600E75549 /* ReminderSettingViewController.swift */; };
		A58AE9581E0C1AA200E75549 /* ReminderSettingDataSource.swift in Sources */ = {isa = PBXBuildFile; fileRef = A58AE9571E0C1AA200E75549 /* ReminderSettingDataSource.swift */; };
		A58AE95A1E0C1AE800E75549 /* NewsViewController.swift in Sources */ = {isa = PBXBuildFile; fileRef = A58AE9591E0C1AE800E75549 /* NewsViewController.swift */; };
		A58AE9621E0C1ED500E75549 /* AppConfig+Colors.swift in Sources */ = {isa = PBXBuildFile; fileRef = A58AE9611E0C1ED500E75549 /* AppConfig+Colors.swift */; };
		A58AE9641E0C212D00E75549 /* BaseCellModel.swift in Sources */ = {isa = PBXBuildFile; fileRef = A58AE9631E0C212D00E75549 /* BaseCellModel.swift */; };
		A58AE96B1E0C230500E75549 /* SeparatorSupportView.swift in Sources */ = {isa = PBXBuildFile; fileRef = A58AE9691E0C230500E75549 /* SeparatorSupportView.swift */; };
		A58AE96C1E0C230500E75549 /* SeparatorViews.swift in Sources */ = {isa = PBXBuildFile; fileRef = A58AE96A1E0C230500E75549 /* SeparatorViews.swift */; };
		A58AE9711E0C26C600E75549 /* SingleItemCell.swift in Sources */ = {isa = PBXBuildFile; fileRef = A58AE96D1E0C26C600E75549 /* SingleItemCell.swift */; };
		A58AE9721E0C26C600E75549 /* SingleItemCell.xib in Resources */ = {isa = PBXBuildFile; fileRef = A58AE96E1E0C26C600E75549 /* SingleItemCell.xib */; };
		A58AE9781E0C2B1300E75549 /* Date+String.swift in Sources */ = {isa = PBXBuildFile; fileRef = A58AE9751E0C2B1300E75549 /* Date+String.swift */; };
		A58AE9791E0C2B1300E75549 /* UIViewSeparators.swift in Sources */ = {isa = PBXBuildFile; fileRef = A58AE9761E0C2B1300E75549 /* UIViewSeparators.swift */; };
		A58AE97A1E0C2B1300E75549 /* UserDefaults+HelperMethod.swift in Sources */ = {isa = PBXBuildFile; fileRef = A58AE9771E0C2B1300E75549 /* UserDefaults+HelperMethod.swift */; };
		A58AE97C1E0C2F2D00E75549 /* BaseCell.swift in Sources */ = {isa = PBXBuildFile; fileRef = A58AE97B1E0C2F2D00E75549 /* BaseCell.swift */; };
		A58AE97E1E0C3ADF00E75549 /* SingleItemContentCell.xib in Resources */ = {isa = PBXBuildFile; fileRef = A58AE97D1E0C3ADF00E75549 /* SingleItemContentCell.xib */; };
		A5FDE8791E1672CE00C28A1C /* GreenButton.swift in Sources */ = {isa = PBXBuildFile; fileRef = A5FDE8781E1672CE00C28A1C /* GreenButton.swift */; };
		DB0DA5D11E1F96580047DCCB /* HelpViewController.swift in Sources */ = {isa = PBXBuildFile; fileRef = DB0DA5D01E1F96580047DCCB /* HelpViewController.swift */; };
		DB3245411E150A5800ACB002 /* UserObject.swift in Sources */ = {isa = PBXBuildFile; fileRef = DB3245401E150A5800ACB002 /* UserObject.swift */; };
		DB7F23791E224F2000957B69 /* InputSegmentedCell.xib in Resources */ = {isa = PBXBuildFile; fileRef = DB7F23781E224F2000957B69 /* InputSegmentedCell.xib */; };
		DBDCA7671E1B867100BB3F45 /* AboutDataSource.swift in Sources */ = {isa = PBXBuildFile; fileRef = DBDCA7651E1B867100BB3F45 /* AboutDataSource.swift */; };
		DBDCA7681E1B867100BB3F45 /* AboutViewController.swift in Sources */ = {isa = PBXBuildFile; fileRef = DBDCA7661E1B867100BB3F45 /* AboutViewController.swift */; };
		DBDCA76B1E1BD6D900BB3F45 /* SingleItemButtonCellModel.swift in Sources */ = {isa = PBXBuildFile; fileRef = DBDCA7691E1BD6D900BB3F45 /* SingleItemButtonCellModel.swift */; };
		DBDCA76E1E1BD6E400BB3F45 /* SingleItemButtonCell.xib in Resources */ = {isa = PBXBuildFile; fileRef = DBDCA76D1E1BD6E400BB3F45 /* SingleItemButtonCell.xib */; };
		DBDCA7701E1BD73400BB3F45 /* SingleItemButtonCell.swift in Sources */ = {isa = PBXBuildFile; fileRef = DBDCA76F1E1BD73400BB3F45 /* SingleItemButtonCell.swift */; };
		DBFCD9241E273827004A3DDC /* TimePickerReminderViewController.swift in Sources */ = {isa = PBXBuildFile; fileRef = DBFCD9231E273827004A3DDC /* TimePickerReminderViewController.swift */; };
		E7160DEA53BEB00853C45555 /* Pods_Health_App.framework in Frameworks */ = {isa = PBXBuildFile; fileRef = 97406A39354A363CBC3BCA5D /* Pods_Health_App.framework */; };
		F0E4090B8E7D713895FD3D5E /* Pods_Health_AppUITests.framework in Frameworks */ = {isa = PBXBuildFile; fileRef = 3575F76B456F25EE009585C8 /* Pods_Health_AppUITests.framework */; };
/* End PBXBuildFile section */

/* Begin PBXContainerItemProxy section */
		7AEBDEB41E0A7376000DBB2D /* PBXContainerItemProxy */ = {
			isa = PBXContainerItemProxy;
			containerPortal = 7AEBDE951E0A7375000DBB2D /* Project object */;
			proxyType = 1;
			remoteGlobalIDString = 7AEBDE9C1E0A7375000DBB2D;
			remoteInfo = "Health App";
		};
		7AEBDEBF1E0A7376000DBB2D /* PBXContainerItemProxy */ = {
			isa = PBXContainerItemProxy;
			containerPortal = 7AEBDE951E0A7375000DBB2D /* Project object */;
			proxyType = 1;
			remoteGlobalIDString = 7AEBDE9C1E0A7375000DBB2D;
			remoteInfo = "Health App";
		};
/* End PBXContainerItemProxy section */

/* Begin PBXFileReference section */
		09AB264B39853B0F5117D14C /* Pods-Health AppTests.debug.xcconfig */ = {isa = PBXFileReference; includeInIndex = 1; lastKnownFileType = text.xcconfig; name = "Pods-Health AppTests.debug.xcconfig"; path = "Pods/Target Support Files/Pods-Health AppTests/Pods-Health AppTests.debug.xcconfig"; sourceTree = "<group>"; };
		0C94EDD5FBB12D7A8447F162 /* Pods-Health App.debug.xcconfig */ = {isa = PBXFileReference; includeInIndex = 1; lastKnownFileType = text.xcconfig; name = "Pods-Health App.debug.xcconfig"; path = "Pods/Target Support Files/Pods-Health App/Pods-Health App.debug.xcconfig"; sourceTree = "<group>"; };
		3575F76B456F25EE009585C8 /* Pods_Health_AppUITests.framework */ = {isa = PBXFileReference; explicitFileType = wrapper.framework; includeInIndex = 0; path = Pods_Health_AppUITests.framework; sourceTree = BUILT_PRODUCTS_DIR; };
		3FD6A2FC2EBCF273CF8E7385 /* Pods-Health App.release.xcconfig */ = {isa = PBXFileReference; includeInIndex = 1; lastKnownFileType = text.xcconfig; name = "Pods-Health App.release.xcconfig"; path = "Pods/Target Support Files/Pods-Health App/Pods-Health App.release.xcconfig"; sourceTree = "<group>"; };
		4EB1EFED88D8F6678A10E82B /* Pods-Health AppUITests.debug.xcconfig */ = {isa = PBXFileReference; includeInIndex = 1; lastKnownFileType = text.xcconfig; name = "Pods-Health AppUITests.debug.xcconfig"; path = "Pods/Target Support Files/Pods-Health AppUITests/Pods-Health AppUITests.debug.xcconfig"; sourceTree = "<group>"; };
		52DDE118EE49FA24EF295792 /* Pods_Health_AppTests.framework */ = {isa = PBXFileReference; explicitFileType = wrapper.framework; includeInIndex = 0; path = Pods_Health_AppTests.framework; sourceTree = BUILT_PRODUCTS_DIR; };
		58DB8D7C555D08CF5E0E75CB /* Pods-Health AppTests.release.xcconfig */ = {isa = PBXFileReference; includeInIndex = 1; lastKnownFileType = text.xcconfig; name = "Pods-Health AppTests.release.xcconfig"; path = "Pods/Target Support Files/Pods-Health AppTests/Pods-Health AppTests.release.xcconfig"; sourceTree = "<group>"; };
		7A010B001E1214CD002585D8 /* LaunchScreen.storyboard */ = {isa = PBXFileReference; fileEncoding = 4; lastKnownFileType = file.storyboard; path = LaunchScreen.storyboard; sourceTree = "<group>"; };
		7A010B011E1214CD002585D8 /* Main.storyboard */ = {isa = PBXFileReference; fileEncoding = 4; lastKnownFileType = file.storyboard; path = Main.storyboard; sourceTree = "<group>"; };
		7A46151C1E0BB7D100A32ED8 /* UserInfo.swift */ = {isa = PBXFileReference; fileEncoding = 4; lastKnownFileType = sourcecode.swift; path = UserInfo.swift; sourceTree = "<group>"; };
		7A4615201E0BB85E00A32ED8 /* Meal.swift */ = {isa = PBXFileReference; fileEncoding = 4; lastKnownFileType = sourcecode.swift; path = Meal.swift; sourceTree = "<group>"; };
		7A6257BC1E0D070B00C2C669 /* DataRecording.swift */ = {isa = PBXFileReference; fileEncoding = 4; lastKnownFileType = sourcecode.swift; path = DataRecording.swift; sourceTree = "<group>"; };
		7A6257BE1E0D071200C2C669 /* UserDataManager.swift */ = {isa = PBXFileReference; fileEncoding = 4; lastKnownFileType = sourcecode.swift; path = UserDataManager.swift; sourceTree = "<group>"; };
		7A7878F21E1D04D300CD6E6C /* BikoInputCell.swift */ = {isa = PBXFileReference; fileEncoding = 4; lastKnownFileType = sourcecode.swift; path = BikoInputCell.swift; sourceTree = "<group>"; };
		7A7878F31E1D04D300CD6E6C /* BikoInputCell.xib */ = {isa = PBXFileReference; fileEncoding = 4; lastKnownFileType = file.xib; path = BikoInputCell.xib; sourceTree = "<group>"; };
		7A7878F61E1D0EC400CD6E6C /* BikoInputCellModel.swift */ = {isa = PBXFileReference; fileEncoding = 4; lastKnownFileType = sourcecode.swift; path = BikoInputCellModel.swift; sourceTree = "<group>"; };
		7A7878F81E1DF49000CD6E6C /* MealInfo.swift */ = {isa = PBXFileReference; fileEncoding = 4; lastKnownFileType = sourcecode.swift; path = MealInfo.swift; sourceTree = "<group>"; };
		7AC4B6AD1E139BF8002EDA74 /* TargetDialog.swift */ = {isa = PBXFileReference; fileEncoding = 4; lastKnownFileType = sourcecode.swift; path = TargetDialog.swift; sourceTree = "<group>"; };
		7AC4B6AE1E139BF8002EDA74 /* TargetDialog.xib */ = {isa = PBXFileReference; fileEncoding = 4; lastKnownFileType = file.xib; path = TargetDialog.xib; sourceTree = "<group>"; };
		7AC4B6B21E139C12002EDA74 /* HealthDatePickerView.swift */ = {isa = PBXFileReference; fileEncoding = 4; lastKnownFileType = sourcecode.swift; path = HealthDatePickerView.swift; sourceTree = "<group>"; };
		7AC4B6B31E139C12002EDA74 /* HealthDatePickerView.xib */ = {isa = PBXFileReference; fileEncoding = 4; lastKnownFileType = file.xib; path = HealthDatePickerView.xib; sourceTree = "<group>"; };
		7AC4B6B41E139C12002EDA74 /* HealthDatePickerViewController.swift */ = {isa = PBXFileReference; fileEncoding = 4; lastKnownFileType = sourcecode.swift; path = HealthDatePickerViewController.swift; sourceTree = "<group>"; };
		7AC4B6B51E139C12002EDA74 /* HealthDatePickerViewController.xib */ = {isa = PBXFileReference; fileEncoding = 4; lastKnownFileType = file.xib; path = HealthDatePickerViewController.xib; sourceTree = "<group>"; };
		7AC4B6B71E139C12002EDA74 /* InfiniDialogViewController.swift */ = {isa = PBXFileReference; fileEncoding = 4; lastKnownFileType = sourcecode.swift; path = InfiniDialogViewController.swift; sourceTree = "<group>"; };
		7AC4B6B81E139C12002EDA74 /* InfiniDialogViewController.xib */ = {isa = PBXFileReference; fileEncoding = 4; lastKnownFileType = file.xib; path = InfiniDialogViewController.xib; sourceTree = "<group>"; };
		7AC4B6BF1E139C4D002EDA74 /* String+HelperMethod.swift */ = {isa = PBXFileReference; fileEncoding = 4; lastKnownFileType = sourcecode.swift; name = "String+HelperMethod.swift"; path = "Extensions/String+HelperMethod.swift"; sourceTree = "<group>"; };
		7AC4B6C01E139C4D002EDA74 /* UIViewController+ShowPopup.swift */ = {isa = PBXFileReference; fileEncoding = 4; lastKnownFileType = sourcecode.swift; name = "UIViewController+ShowPopup.swift"; path = "Extensions/UIViewController+ShowPopup.swift"; sourceTree = "<group>"; };
		7AC4B6C31E13B5A1002EDA74 /* SingleItemCellModel.swift */ = {isa = PBXFileReference; fileEncoding = 4; lastKnownFileType = sourcecode.swift; path = SingleItemCellModel.swift; sourceTree = "<group>"; };
		7AEBDE9D1E0A7375000DBB2D /* Health App.app */ = {isa = PBXFileReference; explicitFileType = wrapper.application; includeInIndex = 0; path = "Health App.app"; sourceTree = BUILT_PRODUCTS_DIR; };
		7AEBDEA01E0A7375000DBB2D /* AppDelegate.swift */ = {isa = PBXFileReference; lastKnownFileType = sourcecode.swift; path = AppDelegate.swift; sourceTree = "<group>"; };
		7AEBDEA91E0A7376000DBB2D /* Assets.xcassets */ = {isa = PBXFileReference; lastKnownFileType = folder.assetcatalog; path = Assets.xcassets; sourceTree = "<group>"; };
		7AEBDEAE1E0A7376000DBB2D /* Info.plist */ = {isa = PBXFileReference; lastKnownFileType = text.plist.xml; path = Info.plist; sourceTree = "<group>"; };
		7AEBDEB31E0A7376000DBB2D /* Health AppTests.xctest */ = {isa = PBXFileReference; explicitFileType = wrapper.cfbundle; includeInIndex = 0; path = "Health AppTests.xctest"; sourceTree = BUILT_PRODUCTS_DIR; };
		7AEBDEB71E0A7376000DBB2D /* Health_AppTests.swift */ = {isa = PBXFileReference; lastKnownFileType = sourcecode.swift; path = Health_AppTests.swift; sourceTree = "<group>"; };
		7AEBDEB91E0A7376000DBB2D /* Info.plist */ = {isa = PBXFileReference; lastKnownFileType = text.plist.xml; path = Info.plist; sourceTree = "<group>"; };
		7AEBDEBE1E0A7376000DBB2D /* Health AppUITests.xctest */ = {isa = PBXFileReference; explicitFileType = wrapper.cfbundle; includeInIndex = 0; path = "Health AppUITests.xctest"; sourceTree = BUILT_PRODUCTS_DIR; };
		7AEBDEC21E0A7376000DBB2D /* Health_AppUITests.swift */ = {isa = PBXFileReference; lastKnownFileType = sourcecode.swift; path = Health_AppUITests.swift; sourceTree = "<group>"; };
		7AEBDEC41E0A7376000DBB2D /* Info.plist */ = {isa = PBXFileReference; lastKnownFileType = text.plist.xml; path = Info.plist; sourceTree = "<group>"; };
		7AEBDED61E0A7BA3000DBB2D /* BaseViewController.swift */ = {isa = PBXFileReference; fileEncoding = 4; lastKnownFileType = sourcecode.swift; path = BaseViewController.swift; sourceTree = "<group>"; };
		7AEBDEDC1E0A7BF1000DBB2D /* CheckPhotoViewController.swift */ = {isa = PBXFileReference; fileEncoding = 4; lastKnownFileType = sourcecode.swift; path = CheckPhotoViewController.swift; sourceTree = "<group>"; };
		7AEBDEDF1E0A7FB7000DBB2D /* WelcomeViewController.swift */ = {isa = PBXFileReference; fileEncoding = 4; lastKnownFileType = sourcecode.swift; path = WelcomeViewController.swift; sourceTree = "<group>"; };
		7AEBDEE11E0A7FCA000DBB2D /* UserInfoViewController.swift */ = {isa = PBXFileReference; fileEncoding = 4; lastKnownFileType = sourcecode.swift; path = UserInfoViewController.swift; sourceTree = "<group>"; };
		7AEBDEE31E0A80DB000DBB2D /* HomeViewController.swift */ = {isa = PBXFileReference; fileEncoding = 4; lastKnownFileType = sourcecode.swift; path = HomeViewController.swift; sourceTree = "<group>"; };
		7AEBDEE51E0A835F000DBB2D /* TakePhotoViewController.swift */ = {isa = PBXFileReference; fileEncoding = 4; lastKnownFileType = sourcecode.swift; path = TakePhotoViewController.swift; sourceTree = "<group>"; };
		7AEBDEE71E0A83F0000DBB2D /* DataRecordingViewController.swift */ = {isa = PBXFileReference; fileEncoding = 4; lastKnownFileType = sourcecode.swift; path = DataRecordingViewController.swift; sourceTree = "<group>"; };
		7AEBDEE91E0A88C8000DBB2D /* AppConfig.swift */ = {isa = PBXFileReference; fileEncoding = 4; lastKnownFileType = sourcecode.swift; path = AppConfig.swift; sourceTree = "<group>"; };
		7AEBDEEA1E0A88C8000DBB2D /* AppConfig+Keys.swift */ = {isa = PBXFileReference; fileEncoding = 4; lastKnownFileType = sourcecode.swift; path = "AppConfig+Keys.swift"; sourceTree = "<group>"; };
		7AF5A3121E1F6B7000297DB1 /* InputSegmentedCell.swift */ = {isa = PBXFileReference; fileEncoding = 4; lastKnownFileType = sourcecode.swift; path = InputSegmentedCell.swift; sourceTree = "<group>"; };
		7AF5A3161E1F6E3B00297DB1 /* InputSegmentedCellModel.swift */ = {isa = PBXFileReference; fileEncoding = 4; lastKnownFileType = sourcecode.swift; path = InputSegmentedCellModel.swift; sourceTree = "<group>"; };
		7AF5A3181E1F748400297DB1 /* AppConfig+Fonts.swift */ = {isa = PBXFileReference; fileEncoding = 4; lastKnownFileType = sourcecode.swift; path = "AppConfig+Fonts.swift"; sourceTree = "<group>"; };
		7AF66AEF1E1BB81F00A7C01E /* AppConfig+Strings.swift */ = {isa = PBXFileReference; fileEncoding = 4; lastKnownFileType = sourcecode.swift; path = "AppConfig+Strings.swift"; sourceTree = "<group>"; };
		7AF66AF11E1BB87700A7C01E /* AddMoreCell.swift */ = {isa = PBXFileReference; fileEncoding = 4; lastKnownFileType = sourcecode.swift; path = AddMoreCell.swift; sourceTree = "<group>"; };
		7AF66AF21E1BB87700A7C01E /* AddMoreCell.xib */ = {isa = PBXFileReference; fileEncoding = 4; lastKnownFileType = file.xib; path = AddMoreCell.xib; sourceTree = "<group>"; };
		7AF66AF51E1BB9E700A7C01E /* AddMoreCellModel.swift */ = {isa = PBXFileReference; fileEncoding = 4; lastKnownFileType = sourcecode.swift; path = AddMoreCellModel.swift; sourceTree = "<group>"; };
		7AFF1F8A1E127E1300C34CC5 /* InputDataCell.swift */ = {isa = PBXFileReference; fileEncoding = 4; lastKnownFileType = sourcecode.swift; path = InputDataCell.swift; sourceTree = "<group>"; };
		7AFF1F8C1E127EF500C34CC5 /* InputDataCellModel.swift */ = {isa = PBXFileReference; fileEncoding = 4; lastKnownFileType = sourcecode.swift; path = InputDataCellModel.swift; sourceTree = "<group>"; };
		7AFF1F8F1E128B9D00C34CC5 /* BaseCell.xib */ = {isa = PBXFileReference; fileEncoding = 4; lastKnownFileType = file.xib; path = BaseCell.xib; sourceTree = "<group>"; };
		7AFF1F931E138F7200C34CC5 /* MomentumView.xib */ = {isa = PBXFileReference; fileEncoding = 4; lastKnownFileType = file.xib; path = MomentumView.xib; sourceTree = "<group>"; };
		8C4E34C41E23A19A00112867 /* Float+HelperMethod.swift */ = {isa = PBXFileReference; fileEncoding = 4; lastKnownFileType = sourcecode.swift; path = "Float+HelperMethod.swift"; sourceTree = "<group>"; };
		8CA846EF1E13BED0009CF72D /* NormalHome.xib */ = {isa = PBXFileReference; fileEncoding = 4; lastKnownFileType = file.xib; path = NormalHome.xib; sourceTree = "<group>"; };
		8CB06AA51E14FD9400EEEA39 /* BikoHome.xib */ = {isa = PBXFileReference; fileEncoding = 4; lastKnownFileType = file.xib; path = BikoHome.xib; sourceTree = "<group>"; };
		97406A39354A363CBC3BCA5D /* Pods_Health_App.framework */ = {isa = PBXFileReference; explicitFileType = wrapper.framework; includeInIndex = 0; path = Pods_Health_App.framework; sourceTree = BUILT_PRODUCTS_DIR; };
		98481DDF1E1F6D59005185D7 /* CustomDismissAnimationController.swift */ = {isa = PBXFileReference; fileEncoding = 4; lastKnownFileType = sourcecode.swift; path = CustomDismissAnimationController.swift; sourceTree = "<group>"; };
		985C35A01E1BB90C003DEC72 /* RadioCell.swift */ = {isa = PBXFileReference; fileEncoding = 4; lastKnownFileType = sourcecode.swift; path = RadioCell.swift; sourceTree = "<group>"; };
		985C35A11E1BB90C003DEC72 /* RadioCell.xib */ = {isa = PBXFileReference; fileEncoding = 4; lastKnownFileType = file.xib; path = RadioCell.xib; sourceTree = "<group>"; };
		985C35A41E1BBC05003DEC72 /* HowToDrinkViewController.swift */ = {isa = PBXFileReference; fileEncoding = 4; lastKnownFileType = sourcecode.swift; path = HowToDrinkViewController.swift; sourceTree = "<group>"; };
		985C35A61E1BBC31003DEC72 /* HowToDrinkDataSource.swift */ = {isa = PBXFileReference; fileEncoding = 4; lastKnownFileType = sourcecode.swift; path = HowToDrinkDataSource.swift; sourceTree = "<group>"; };
		985C35A81E1BC18E003DEC72 /* RadioCellModel.swift */ = {isa = PBXFileReference; fileEncoding = 4; lastKnownFileType = sourcecode.swift; path = RadioCellModel.swift; sourceTree = "<group>"; };
		9861CE371E150545002C12DE /* BaseDialogView.swift */ = {isa = PBXFileReference; fileEncoding = 4; lastKnownFileType = sourcecode.swift; path = BaseDialogView.swift; sourceTree = "<group>"; };
		9861CE381E150545002C12DE /* TargetWeightSettingDialog.swift */ = {isa = PBXFileReference; fileEncoding = 4; lastKnownFileType = sourcecode.swift; path = TargetWeightSettingDialog.swift; sourceTree = "<group>"; };
		9861CE391E150545002C12DE /* TargetWeightSettingDialog.xib */ = {isa = PBXFileReference; fileEncoding = 4; lastKnownFileType = file.xib; path = TargetWeightSettingDialog.xib; sourceTree = "<group>"; };
		9861CE3D1E150703002C12DE /* Utils.swift */ = {isa = PBXFileReference; fileEncoding = 4; lastKnownFileType = sourcecode.swift; path = Utils.swift; sourceTree = "<group>"; };
		9861CE3E1E150703002C12DE /* Utils+ShowDialogs.swift */ = {isa = PBXFileReference; fileEncoding = 4; lastKnownFileType = sourcecode.swift; path = "Utils+ShowDialogs.swift"; sourceTree = "<group>"; };
		987ADF731E1B9E8900868DE9 /* AddNewMealDialog.swift */ = {isa = PBXFileReference; fileEncoding = 4; lastKnownFileType = sourcecode.swift; path = AddNewMealDialog.swift; sourceTree = "<group>"; };
		987ADF751E1B9EA100868DE9 /* AddNewMealDialog.xib */ = {isa = PBXFileReference; fileEncoding = 4; lastKnownFileType = file.xib; path = AddNewMealDialog.xib; sourceTree = "<group>"; };
		98E894211E1B550500866ADB /* CalorieSavingSettingDialog.swift */ = {isa = PBXFileReference; fileEncoding = 4; lastKnownFileType = sourcecode.swift; path = CalorieSavingSettingDialog.swift; sourceTree = "<group>"; };
		98E894231E1B551200866ADB /* CalorieSavingSettingDialog.xib */ = {isa = PBXFileReference; fileEncoding = 4; lastKnownFileType = file.xib; path = CalorieSavingSettingDialog.xib; sourceTree = "<group>"; };
		98E894251E1B608B00866ADB /* SelectBikokusaiDialog.swift */ = {isa = PBXFileReference; fileEncoding = 4; lastKnownFileType = sourcecode.swift; path = SelectBikokusaiDialog.swift; sourceTree = "<group>"; };
		98E894271E1B609C00866ADB /* SelectBikokusaiDialog.xib */ = {isa = PBXFileReference; fileEncoding = 4; lastKnownFileType = file.xib; path = SelectBikokusaiDialog.xib; sourceTree = "<group>"; };
		98E8942B1E1B63E300866ADB /* SSRadioButton.swift */ = {isa = PBXFileReference; fileEncoding = 4; lastKnownFileType = sourcecode.swift; path = SSRadioButton.swift; sourceTree = "<group>"; };
		98E8942C1E1B63E300866ADB /* SSRadioButtonsController.swift */ = {isa = PBXFileReference; fileEncoding = 4; lastKnownFileType = sourcecode.swift; path = SSRadioButtonsController.swift; sourceTree = "<group>"; };
		A55709B91E0CF43000C82970 /* TextInputCellModel.swift */ = {isa = PBXFileReference; fileEncoding = 4; lastKnownFileType = sourcecode.swift; name = TextInputCellModel.swift; path = Cells/TextInputCellModel.swift; sourceTree = "<group>"; };
		A55709BB1E0CF5CE00C82970 /* TextInputCell.swift */ = {isa = PBXFileReference; fileEncoding = 4; lastKnownFileType = sourcecode.swift; name = TextInputCell.swift; path = Cells/TextInputCell.swift; sourceTree = "<group>"; };
		A55709BD1E0CFB3900C82970 /* TextInputCell.xib */ = {isa = PBXFileReference; fileEncoding = 4; lastKnownFileType = file.xib; name = TextInputCell.xib; path = Cells/TextInputCell.xib; sourceTree = "<group>"; };
		A55709CA1E0D012800C82970 /* RegexMatching.swift */ = {isa = PBXFileReference; fileEncoding = 4; lastKnownFileType = sourcecode.swift; name = RegexMatching.swift; path = Extensions/RegexMatching.swift; sourceTree = "<group>"; };
		A55709CE1E0D210100C82970 /* SegmentedCell.swift */ = {isa = PBXFileReference; fileEncoding = 4; lastKnownFileType = sourcecode.swift; name = SegmentedCell.swift; path = Cells/SegmentedCell.swift; sourceTree = "<group>"; };
		A55709D01E0D212D00C82970 /* SegmentedCell.xib */ = {isa = PBXFileReference; fileEncoding = 4; lastKnownFileType = file.xib; name = SegmentedCell.xib; path = Cells/SegmentedCell.xib; sourceTree = "<group>"; };
		A55709D21E0D223200C82970 /* SegmentedCellModel.swift */ = {isa = PBXFileReference; fileEncoding = 4; lastKnownFileType = sourcecode.swift; name = SegmentedCellModel.swift; path = Cells/SegmentedCellModel.swift; sourceTree = "<group>"; };
		A5575B4C1E1F729400BFA803 /* ValidatingTextField.swift */ = {isa = PBXFileReference; fileEncoding = 4; lastKnownFileType = sourcecode.swift; path = ValidatingTextField.swift; sourceTree = "<group>"; };
		A5575B4E1E1F73C600BFA803 /* FloatTextField.swift */ = {isa = PBXFileReference; fileEncoding = 4; lastKnownFileType = sourcecode.swift; path = FloatTextField.swift; sourceTree = "<group>"; };
		A58AE9341E0C13B100E75549 /* BaseDataSource.swift */ = {isa = PBXFileReference; fileEncoding = 4; lastKnownFileType = sourcecode.swift; path = BaseDataSource.swift; sourceTree = "<group>"; };
		A58AE9361E0C13C300E75549 /* BaseTableViewController.swift */ = {isa = PBXFileReference; fileEncoding = 4; lastKnownFileType = sourcecode.swift; path = BaseTableViewController.swift; sourceTree = "<group>"; };
		A58AE9391E0C144700E75549 /* WelcomeDataSource.swift */ = {isa = PBXFileReference; fileEncoding = 4; lastKnownFileType = sourcecode.swift; path = WelcomeDataSource.swift; sourceTree = "<group>"; };
		A58AE93B1E0C182D00E75549 /* UserInfoDataSource.swift */ = {isa = PBXFileReference; fileEncoding = 4; lastKnownFileType = sourcecode.swift; path = UserInfoDataSource.swift; sourceTree = "<group>"; };
		A58AE93D1E0C185000E75549 /* HomeDataSource.swift */ = {isa = PBXFileReference; fileEncoding = 4; lastKnownFileType = sourcecode.swift; path = HomeDataSource.swift; sourceTree = "<group>"; };
		A58AE93F1E0C188400E75549 /* SettingsViewController.swift */ = {isa = PBXFileReference; fileEncoding = 4; lastKnownFileType = sourcecode.swift; path = SettingsViewController.swift; sourceTree = "<group>"; };
		A58AE9411E0C189200E75549 /* SettingsDataSource.swift */ = {isa = PBXFileReference; fileEncoding = 4; lastKnownFileType = sourcecode.swift; path = SettingsDataSource.swift; sourceTree = "<group>"; };
		A58AE9431E0C18F800E75549 /* DataRecordingDataSource.swift */ = {isa = PBXFileReference; fileEncoding = 4; lastKnownFileType = sourcecode.swift; path = DataRecordingDataSource.swift; sourceTree = "<group>"; };
		A58AE9461E0C196000E75549 /* MyDataViewController.swift */ = {isa = PBXFileReference; fileEncoding = 4; lastKnownFileType = sourcecode.swift; path = MyDataViewController.swift; sourceTree = "<group>"; };
		A58AE9481E0C197800E75549 /* MyDataDataSource.swift */ = {isa = PBXFileReference; fileEncoding = 4; lastKnownFileType = sourcecode.swift; path = MyDataDataSource.swift; sourceTree = "<group>"; };
		A58AE94A1E0C19C700E75549 /* BasicDataSettingViewController.swift */ = {isa = PBXFileReference; fileEncoding = 4; lastKnownFileType = sourcecode.swift; path = BasicDataSettingViewController.swift; sourceTree = "<group>"; };
		A58AE94D1E0C19F200E75549 /* BasicDataSettingDataSource.swift */ = {isa = PBXFileReference; fileEncoding = 4; lastKnownFileType = sourcecode.swift; path = BasicDataSettingDataSource.swift; sourceTree = "<group>"; };
		A58AE9501E0C1A2500E75549 /* BikokusaiSettingViewController.swift */ = {isa = PBXFileReference; fileEncoding = 4; lastKnownFileType = sourcecode.swift; path = BikokusaiSettingViewController.swift; sourceTree = "<group>"; };
		A58AE9521E0C1A3300E75549 /* BikokusaiSettingDataSource.swift */ = {isa = PBXFileReference; fileEncoding = 4; lastKnownFileType = sourcecode.swift; path = BikokusaiSettingDataSource.swift; sourceTree = "<group>"; };
		A58AE9551E0C1A9600E75549 /* ReminderSettingViewController.swift */ = {isa = PBXFileReference; fileEncoding = 4; lastKnownFileType = sourcecode.swift; path = ReminderSettingViewController.swift; sourceTree = "<group>"; };
		A58AE9571E0C1AA200E75549 /* ReminderSettingDataSource.swift */ = {isa = PBXFileReference; fileEncoding = 4; lastKnownFileType = sourcecode.swift; path = ReminderSettingDataSource.swift; sourceTree = "<group>"; };
		A58AE9591E0C1AE800E75549 /* NewsViewController.swift */ = {isa = PBXFileReference; fileEncoding = 4; lastKnownFileType = sourcecode.swift; path = NewsViewController.swift; sourceTree = "<group>"; };
		A58AE9611E0C1ED500E75549 /* AppConfig+Colors.swift */ = {isa = PBXFileReference; fileEncoding = 4; lastKnownFileType = sourcecode.swift; path = "AppConfig+Colors.swift"; sourceTree = "<group>"; };
		A58AE9631E0C212D00E75549 /* BaseCellModel.swift */ = {isa = PBXFileReference; fileEncoding = 4; lastKnownFileType = sourcecode.swift; name = BaseCellModel.swift; path = ../Controllers/BaseCellModel.swift; sourceTree = "<group>"; };
		A58AE9691E0C230500E75549 /* SeparatorSupportView.swift */ = {isa = PBXFileReference; fileEncoding = 4; lastKnownFileType = sourcecode.swift; path = SeparatorSupportView.swift; sourceTree = "<group>"; };
		A58AE96A1E0C230500E75549 /* SeparatorViews.swift */ = {isa = PBXFileReference; fileEncoding = 4; lastKnownFileType = sourcecode.swift; path = SeparatorViews.swift; sourceTree = "<group>"; };
		A58AE96D1E0C26C600E75549 /* SingleItemCell.swift */ = {isa = PBXFileReference; fileEncoding = 4; lastKnownFileType = sourcecode.swift; name = SingleItemCell.swift; path = Cells/SingleItemCell.swift; sourceTree = "<group>"; };
		A58AE96E1E0C26C600E75549 /* SingleItemCell.xib */ = {isa = PBXFileReference; fileEncoding = 4; lastKnownFileType = file.xib; name = SingleItemCell.xib; path = Cells/SingleItemCell.xib; sourceTree = "<group>"; };
		A58AE9751E0C2B1300E75549 /* Date+String.swift */ = {isa = PBXFileReference; fileEncoding = 4; lastKnownFileType = sourcecode.swift; name = "Date+String.swift"; path = "Extensions/Date+String.swift"; sourceTree = "<group>"; };
		A58AE9761E0C2B1300E75549 /* UIViewSeparators.swift */ = {isa = PBXFileReference; fileEncoding = 4; lastKnownFileType = sourcecode.swift; name = UIViewSeparators.swift; path = Extensions/UIViewSeparators.swift; sourceTree = "<group>"; };
		A58AE9771E0C2B1300E75549 /* UserDefaults+HelperMethod.swift */ = {isa = PBXFileReference; fileEncoding = 4; lastKnownFileType = sourcecode.swift; name = "UserDefaults+HelperMethod.swift"; path = "Extensions/UserDefaults+HelperMethod.swift"; sourceTree = "<group>"; };
		A58AE97B1E0C2F2D00E75549 /* BaseCell.swift */ = {isa = PBXFileReference; fileEncoding = 4; lastKnownFileType = sourcecode.swift; name = BaseCell.swift; path = Cells/BaseCell.swift; sourceTree = "<group>"; };
		A58AE97D1E0C3ADF00E75549 /* SingleItemContentCell.xib */ = {isa = PBXFileReference; fileEncoding = 4; lastKnownFileType = file.xib; name = SingleItemContentCell.xib; path = Cells/SingleItemContentCell.xib; sourceTree = "<group>"; };
		A5FDE8781E1672CE00C28A1C /* GreenButton.swift */ = {isa = PBXFileReference; fileEncoding = 4; lastKnownFileType = sourcecode.swift; path = GreenButton.swift; sourceTree = "<group>"; };
		DB0DA5CE1E1F930E0047DCCB /* Health App.entitlements */ = {isa = PBXFileReference; lastKnownFileType = text.plist.entitlements; path = "Health App.entitlements"; sourceTree = "<group>"; };
		DB0DA5D01E1F96580047DCCB /* HelpViewController.swift */ = {isa = PBXFileReference; fileEncoding = 4; lastKnownFileType = sourcecode.swift; path = HelpViewController.swift; sourceTree = "<group>"; };
		DB3245401E150A5800ACB002 /* UserObject.swift */ = {isa = PBXFileReference; fileEncoding = 4; lastKnownFileType = sourcecode.swift; path = UserObject.swift; sourceTree = "<group>"; };
		DB7F23781E224F2000957B69 /* InputSegmentedCell.xib */ = {isa = PBXFileReference; fileEncoding = 4; lastKnownFileType = file.xib; path = InputSegmentedCell.xib; sourceTree = "<group>"; };
		DBDCA7651E1B867100BB3F45 /* AboutDataSource.swift */ = {isa = PBXFileReference; fileEncoding = 4; lastKnownFileType = sourcecode.swift; path = AboutDataSource.swift; sourceTree = "<group>"; };
		DBDCA7661E1B867100BB3F45 /* AboutViewController.swift */ = {isa = PBXFileReference; fileEncoding = 4; lastKnownFileType = sourcecode.swift; path = AboutViewController.swift; sourceTree = "<group>"; };
		DBDCA7691E1BD6D900BB3F45 /* SingleItemButtonCellModel.swift */ = {isa = PBXFileReference; fileEncoding = 4; lastKnownFileType = sourcecode.swift; path = SingleItemButtonCellModel.swift; sourceTree = "<group>"; };
		DBDCA76D1E1BD6E400BB3F45 /* SingleItemButtonCell.xib */ = {isa = PBXFileReference; fileEncoding = 4; lastKnownFileType = file.xib; name = SingleItemButtonCell.xib; path = Cells/SingleItemButtonCell.xib; sourceTree = "<group>"; };
		DBDCA76F1E1BD73400BB3F45 /* SingleItemButtonCell.swift */ = {isa = PBXFileReference; fileEncoding = 4; lastKnownFileType = sourcecode.swift; name = SingleItemButtonCell.swift; path = Cells/SingleItemButtonCell.swift; sourceTree = "<group>"; };
		DBFCD9231E273827004A3DDC /* TimePickerReminderViewController.swift */ = {isa = PBXFileReference; fileEncoding = 4; lastKnownFileType = sourcecode.swift; path = TimePickerReminderViewController.swift; sourceTree = "<group>"; };
		F359D6DAB44AFBC8C3092B40 /* Pods-Health AppUITests.release.xcconfig */ = {isa = PBXFileReference; includeInIndex = 1; lastKnownFileType = text.xcconfig; name = "Pods-Health AppUITests.release.xcconfig"; path = "Pods/Target Support Files/Pods-Health AppUITests/Pods-Health AppUITests.release.xcconfig"; sourceTree = "<group>"; };
/* End PBXFileReference section */

/* Begin PBXFrameworksBuildPhase section */
		7AEBDE9A1E0A7375000DBB2D /* Frameworks */ = {
			isa = PBXFrameworksBuildPhase;
			buildActionMask = 2147483647;
			files = (
				E7160DEA53BEB00853C45555 /* Pods_Health_App.framework in Frameworks */,
			);
			runOnlyForDeploymentPostprocessing = 0;
		};
		7AEBDEB01E0A7376000DBB2D /* Frameworks */ = {
			isa = PBXFrameworksBuildPhase;
			buildActionMask = 2147483647;
			files = (
				3BB8206F45E3E04313A11F5C /* Pods_Health_AppTests.framework in Frameworks */,
			);
			runOnlyForDeploymentPostprocessing = 0;
		};
		7AEBDEBB1E0A7376000DBB2D /* Frameworks */ = {
			isa = PBXFrameworksBuildPhase;
			buildActionMask = 2147483647;
			files = (
				F0E4090B8E7D713895FD3D5E /* Pods_Health_AppUITests.framework in Frameworks */,
			);
			runOnlyForDeploymentPostprocessing = 0;
		};
/* End PBXFrameworksBuildPhase section */

/* Begin PBXGroup section */
		51524CDC740443FFC412EAD1 /* Pods */ = {
			isa = PBXGroup;
			children = (
				0C94EDD5FBB12D7A8447F162 /* Pods-Health App.debug.xcconfig */,
				3FD6A2FC2EBCF273CF8E7385 /* Pods-Health App.release.xcconfig */,
				09AB264B39853B0F5117D14C /* Pods-Health AppTests.debug.xcconfig */,
				58DB8D7C555D08CF5E0E75CB /* Pods-Health AppTests.release.xcconfig */,
				4EB1EFED88D8F6678A10E82B /* Pods-Health AppUITests.debug.xcconfig */,
				F359D6DAB44AFBC8C3092B40 /* Pods-Health AppUITests.release.xcconfig */,
			);
			name = Pods;
			sourceTree = "<group>";
		};
		7A010AFF1E1214CD002585D8 /* Storyboards */ = {
			isa = PBXGroup;
			children = (
				7A010B001E1214CD002585D8 /* LaunchScreen.storyboard */,
				7A010B011E1214CD002585D8 /* Main.storyboard */,
			);
			path = Storyboards;
			sourceTree = "<group>";
		};
		7AC4B6AC1E139BF8002EDA74 /* DialogViews */ = {
			isa = PBXGroup;
			children = (
				9861CE371E150545002C12DE /* BaseDialogView.swift */,
				9861CE381E150545002C12DE /* TargetWeightSettingDialog.swift */,
				9861CE391E150545002C12DE /* TargetWeightSettingDialog.xib */,
				7AC4B6AD1E139BF8002EDA74 /* TargetDialog.swift */,
				7AC4B6AE1E139BF8002EDA74 /* TargetDialog.xib */,
				98E894211E1B550500866ADB /* CalorieSavingSettingDialog.swift */,
				98E894231E1B551200866ADB /* CalorieSavingSettingDialog.xib */,
				98E894251E1B608B00866ADB /* SelectBikokusaiDialog.swift */,
				98E894271E1B609C00866ADB /* SelectBikokusaiDialog.xib */,
				987ADF731E1B9E8900868DE9 /* AddNewMealDialog.swift */,
				987ADF751E1B9EA100868DE9 /* AddNewMealDialog.xib */,
			);
			path = DialogViews;
			sourceTree = "<group>";
		};
		7AC4B6B11E139C12002EDA74 /* CustomDatePicker */ = {
			isa = PBXGroup;
			children = (
				7AC4B6B21E139C12002EDA74 /* HealthDatePickerView.swift */,
				7AC4B6B31E139C12002EDA74 /* HealthDatePickerView.xib */,
				7AC4B6B41E139C12002EDA74 /* HealthDatePickerViewController.swift */,
				7AC4B6B51E139C12002EDA74 /* HealthDatePickerViewController.xib */,
			);
			path = CustomDatePicker;
			sourceTree = "<group>";
		};
		7AC4B6B61E139C12002EDA74 /* CustomShowDialogs */ = {
			isa = PBXGroup;
			children = (
				7AC4B6B71E139C12002EDA74 /* InfiniDialogViewController.swift */,
				7AC4B6B81E139C12002EDA74 /* InfiniDialogViewController.xib */,
			);
			path = CustomShowDialogs;
			sourceTree = "<group>";
		};
		7AEBDE941E0A7375000DBB2D = {
			isa = PBXGroup;
			children = (
				7AEBDE9F1E0A7375000DBB2D /* Health App */,
				7AEBDEB61E0A7376000DBB2D /* Health AppTests */,
				7AEBDEC11E0A7376000DBB2D /* Health AppUITests */,
				7AEBDE9E1E0A7375000DBB2D /* Products */,
				51524CDC740443FFC412EAD1 /* Pods */,
				C95409CDA5F199B9FF6B1E9D /* Frameworks */,
			);
			sourceTree = "<group>";
		};
		7AEBDE9E1E0A7375000DBB2D /* Products */ = {
			isa = PBXGroup;
			children = (
				7AEBDE9D1E0A7375000DBB2D /* Health App.app */,
				7AEBDEB31E0A7376000DBB2D /* Health AppTests.xctest */,
				7AEBDEBE1E0A7376000DBB2D /* Health AppUITests.xctest */,
			);
			name = Products;
			sourceTree = "<group>";
		};
		7AEBDE9F1E0A7375000DBB2D /* Health App */ = {
			isa = PBXGroup;
			children = (
				DB0DA5CE1E1F930E0047DCCB /* Health App.entitlements */,
				7A010AFF1E1214CD002585D8 /* Storyboards */,
				7AEBDED01E0A738D000DBB2D /* AppConfig */,
				7AEBDED11E0A738D000DBB2D /* Controllers */,
				7AEBDED21E0A738D000DBB2D /* Models */,
				A58AE95C1E0C1C3900E75549 /* Extensions */,
				7AEBDED41E0A738D000DBB2D /* Utils */,
				7AEBDED51E0A738D000DBB2D /* Views */,
				7AEBDEA01E0A7375000DBB2D /* AppDelegate.swift */,
				7AEBDEA91E0A7376000DBB2D /* Assets.xcassets */,
				7AEBDEAE1E0A7376000DBB2D /* Info.plist */,
			);
			path = "Health App";
			sourceTree = "<group>";
		};
		7AEBDEB61E0A7376000DBB2D /* Health AppTests */ = {
			isa = PBXGroup;
			children = (
				7AEBDEB71E0A7376000DBB2D /* Health_AppTests.swift */,
				7AEBDEB91E0A7376000DBB2D /* Info.plist */,
			);
			path = "Health AppTests";
			sourceTree = "<group>";
		};
		7AEBDEC11E0A7376000DBB2D /* Health AppUITests */ = {
			isa = PBXGroup;
			children = (
				7AEBDEC21E0A7376000DBB2D /* Health_AppUITests.swift */,
				7AEBDEC41E0A7376000DBB2D /* Info.plist */,
			);
			path = "Health AppUITests";
			sourceTree = "<group>";
		};
		7AEBDED01E0A738D000DBB2D /* AppConfig */ = {
			isa = PBXGroup;
			children = (
				7AEBDEE91E0A88C8000DBB2D /* AppConfig.swift */,
				7AEBDEEA1E0A88C8000DBB2D /* AppConfig+Keys.swift */,
				A58AE9611E0C1ED500E75549 /* AppConfig+Colors.swift */,
				7AF66AEF1E1BB81F00A7C01E /* AppConfig+Strings.swift */,
				7AF5A3181E1F748400297DB1 /* AppConfig+Fonts.swift */,
			);
			path = AppConfig;
			sourceTree = "<group>";
		};
		7AEBDED11E0A738D000DBB2D /* Controllers */ = {
			isa = PBXGroup;
			children = (
				A58AE9331E0C139200E75549 /* Base */,
				7AEBDEDE1E0A7C88000DBB2D /* Welcome */,
				A58AE9381E0C141700E75549 /* UserInfo */,
				7AEBDED81E0A7BB2000DBB2D /* Home */,
				A58AE9451E0C190600E75549 /* DataRecording */,
				7AEBDED91E0A7BBA000DBB2D /* MyData */,
				7AEBDEDA1E0A7BBF000DBB2D /* News */,
				7AEBDEDB1E0A7BC6000DBB2D /* Settings */,
			);
			path = Controllers;
			sourceTree = "<group>";
		};
		7AEBDED21E0A738D000DBB2D /* Models */ = {
			isa = PBXGroup;
			children = (
				DB32453D1E1509BA00ACB002 /* RealmObjects */,
				7A6257BE1E0D071200C2C669 /* UserDataManager.swift */,
				DB3245401E150A5800ACB002 /* UserObject.swift */,
				7A7878F81E1DF49000CD6E6C /* MealInfo.swift */,
			);
			path = Models;
			sourceTree = "<group>";
		};
		7AEBDED41E0A738D000DBB2D /* Utils */ = {
			isa = PBXGroup;
			children = (
				98E894291E1B63E300866ADB /* Libs */,
				9861CE3D1E150703002C12DE /* Utils.swift */,
				9861CE3E1E150703002C12DE /* Utils+ShowDialogs.swift */,
			);
			path = Utils;
			sourceTree = "<group>";
		};
		7AEBDED51E0A738D000DBB2D /* Views */ = {
			isa = PBXGroup;
			children = (
				DB792AAC1E1CAC4100C317BE /* CustomTimePicker */,
				8CA846EE1E13BE9C009CF72D /* HomeViews */,
				7AC4B6B11E139C12002EDA74 /* CustomDatePicker */,
				7AC4B6B61E139C12002EDA74 /* CustomShowDialogs */,
				7AC4B6AC1E139BF8002EDA74 /* DialogViews */,
				7AFF1F921E138F3B00C34CC5 /* Momentum View */,
				A58AE9691E0C230500E75549 /* SeparatorSupportView.swift */,
				A58AE96A1E0C230500E75549 /* SeparatorViews.swift */,
				A58AE95B1E0C1AFC00E75549 /* Cells */,
				A5FDE8781E1672CE00C28A1C /* GreenButton.swift */,
				A5575B4C1E1F729400BFA803 /* ValidatingTextField.swift */,
				A5575B4E1E1F73C600BFA803 /* FloatTextField.swift */,
			);
			path = Views;
			sourceTree = "<group>";
		};
		7AEBDED81E0A7BB2000DBB2D /* Home */ = {
			isa = PBXGroup;
			children = (
				7AEBDEE31E0A80DB000DBB2D /* HomeViewController.swift */,
				A58AE93D1E0C185000E75549 /* HomeDataSource.swift */,
			);
			name = Home;
			sourceTree = "<group>";
		};
		7AEBDED91E0A7BBA000DBB2D /* MyData */ = {
			isa = PBXGroup;
			children = (
				A58AE9461E0C196000E75549 /* MyDataViewController.swift */,
				A58AE9481E0C197800E75549 /* MyDataDataSource.swift */,
			);
			name = MyData;
			sourceTree = "<group>";
		};
		7AEBDEDA1E0A7BBF000DBB2D /* News */ = {
			isa = PBXGroup;
			children = (
				A58AE9591E0C1AE800E75549 /* NewsViewController.swift */,
			);
			name = News;
			sourceTree = "<group>";
		};
		7AEBDEDB1E0A7BC6000DBB2D /* Settings */ = {
			isa = PBXGroup;
			children = (
				A58AE93F1E0C188400E75549 /* SettingsViewController.swift */,
				A58AE9411E0C189200E75549 /* SettingsDataSource.swift */,
				A58AE94C1E0C19D900E75549 /* BasicData */,
				A58AE94F1E0C1A0500E75549 /* Bikokusai */,
				A58AE9541E0C1A7600E75549 /* Reminder */,
				DBDCA7641E1B862900BB3F45 /* About */,
				DB0DA5CF1E1F95B50047DCCB /* Help */,
			);
			name = Settings;
			sourceTree = "<group>";
		};
		7AEBDEDE1E0A7C88000DBB2D /* Welcome */ = {
			isa = PBXGroup;
			children = (
				7AEBDEDF1E0A7FB7000DBB2D /* WelcomeViewController.swift */,
				A58AE9391E0C144700E75549 /* WelcomeDataSource.swift */,
			);
			name = Welcome;
			sourceTree = "<group>";
		};
		7AFF1F921E138F3B00C34CC5 /* Momentum View */ = {
			isa = PBXGroup;
			children = (
				7AFF1F931E138F7200C34CC5 /* MomentumView.xib */,
			);
			name = "Momentum View";
			sourceTree = "<group>";
		};
		8CA846EE1E13BE9C009CF72D /* HomeViews */ = {
			isa = PBXGroup;
			children = (
				8CA846EF1E13BED0009CF72D /* NormalHome.xib */,
				8CB06AA51E14FD9400EEEA39 /* BikoHome.xib */,
			);
			name = HomeViews;
			sourceTree = "<group>";
		};
		98E894291E1B63E300866ADB /* Libs */ = {
			isa = PBXGroup;
			children = (
				98E8942A1E1B63E300866ADB /* SSRadioButtonController */,
			);
			path = Libs;
			sourceTree = "<group>";
		};
		98E8942A1E1B63E300866ADB /* SSRadioButtonController */ = {
			isa = PBXGroup;
			children = (
				98E8942B1E1B63E300866ADB /* SSRadioButton.swift */,
				98E8942C1E1B63E300866ADB /* SSRadioButtonsController.swift */,
			);
			path = SSRadioButtonController;
			sourceTree = "<group>";
		};
		A58AE9331E0C139200E75549 /* Base */ = {
			isa = PBXGroup;
			children = (
				7AEBDED61E0A7BA3000DBB2D /* BaseViewController.swift */,
				A58AE9361E0C13C300E75549 /* BaseTableViewController.swift */,
				A58AE9341E0C13B100E75549 /* BaseDataSource.swift */,
			);
			name = Base;
			sourceTree = "<group>";
		};
		A58AE9381E0C141700E75549 /* UserInfo */ = {
			isa = PBXGroup;
			children = (
				7AEBDEE11E0A7FCA000DBB2D /* UserInfoViewController.swift */,
				A58AE93B1E0C182D00E75549 /* UserInfoDataSource.swift */,
			);
			name = UserInfo;
			sourceTree = "<group>";
		};
		A58AE9451E0C190600E75549 /* DataRecording */ = {
			isa = PBXGroup;
			children = (
				7AEBDEE71E0A83F0000DBB2D /* DataRecordingViewController.swift */,
				A58AE9431E0C18F800E75549 /* DataRecordingDataSource.swift */,
				7AEBDEE51E0A835F000DBB2D /* TakePhotoViewController.swift */,
				7AEBDEDC1E0A7BF1000DBB2D /* CheckPhotoViewController.swift */,
				985C35A41E1BBC05003DEC72 /* HowToDrinkViewController.swift */,
				985C35A61E1BBC31003DEC72 /* HowToDrinkDataSource.swift */,
			);
			name = DataRecording;
			sourceTree = "<group>";
		};
		A58AE94C1E0C19D900E75549 /* BasicData */ = {
			isa = PBXGroup;
			children = (
				A58AE94A1E0C19C700E75549 /* BasicDataSettingViewController.swift */,
				A58AE94D1E0C19F200E75549 /* BasicDataSettingDataSource.swift */,
			);
			name = BasicData;
			sourceTree = "<group>";
		};
		A58AE94F1E0C1A0500E75549 /* Bikokusai */ = {
			isa = PBXGroup;
			children = (
				A58AE9501E0C1A2500E75549 /* BikokusaiSettingViewController.swift */,
				A58AE9521E0C1A3300E75549 /* BikokusaiSettingDataSource.swift */,
			);
			name = Bikokusai;
			sourceTree = "<group>";
		};
		A58AE9541E0C1A7600E75549 /* Reminder */ = {
			isa = PBXGroup;
			children = (
				A58AE9551E0C1A9600E75549 /* ReminderSettingViewController.swift */,
				A58AE9571E0C1AA200E75549 /* ReminderSettingDataSource.swift */,
			);
			name = Reminder;
			sourceTree = "<group>";
		};
		A58AE95B1E0C1AFC00E75549 /* Cells */ = {
			isa = PBXGroup;
			children = (
				A58AE97B1E0C2F2D00E75549 /* BaseCell.swift */,
				7AFF1F8F1E128B9D00C34CC5 /* BaseCell.xib */,
				A58AE9631E0C212D00E75549 /* BaseCellModel.swift */,
				A55709CE1E0D210100C82970 /* SegmentedCell.swift */,
				A55709D21E0D223200C82970 /* SegmentedCellModel.swift */,
				A55709D01E0D212D00C82970 /* SegmentedCell.xib */,
				A55709BB1E0CF5CE00C82970 /* TextInputCell.swift */,
				A55709B91E0CF43000C82970 /* TextInputCellModel.swift */,
				A55709BD1E0CFB3900C82970 /* TextInputCell.xib */,
				A58AE96D1E0C26C600E75549 /* SingleItemCell.swift */,
				7AC4B6C31E13B5A1002EDA74 /* SingleItemCellModel.swift */,
				A58AE96E1E0C26C600E75549 /* SingleItemCell.xib */,
				A58AE97D1E0C3ADF00E75549 /* SingleItemContentCell.xib */,
				7AFF1F8A1E127E1300C34CC5 /* InputDataCell.swift */,
				7AFF1F8C1E127EF500C34CC5 /* InputDataCellModel.swift */,
				DBDCA7691E1BD6D900BB3F45 /* SingleItemButtonCellModel.swift */,
				DBDCA76F1E1BD73400BB3F45 /* SingleItemButtonCell.swift */,
				DBDCA76D1E1BD6E400BB3F45 /* SingleItemButtonCell.xib */,
				985C35A01E1BB90C003DEC72 /* RadioCell.swift */,
				985C35A11E1BB90C003DEC72 /* RadioCell.xib */,
				985C35A81E1BC18E003DEC72 /* RadioCellModel.swift */,
				7AF66AF11E1BB87700A7C01E /* AddMoreCell.swift */,
				7AF66AF51E1BB9E700A7C01E /* AddMoreCellModel.swift */,
				7AF66AF21E1BB87700A7C01E /* AddMoreCell.xib */,
				7A7878F21E1D04D300CD6E6C /* BikoInputCell.swift */,
				7A7878F61E1D0EC400CD6E6C /* BikoInputCellModel.swift */,
				7A7878F31E1D04D300CD6E6C /* BikoInputCell.xib */,
				7AF5A3121E1F6B7000297DB1 /* InputSegmentedCell.swift */,
				7AF5A3161E1F6E3B00297DB1 /* InputSegmentedCellModel.swift */,
				DB7F23781E224F2000957B69 /* InputSegmentedCell.xib */,
			);
			name = Cells;
			sourceTree = "<group>";
		};
		A58AE95C1E0C1C3900E75549 /* Extensions */ = {
			isa = PBXGroup;
			children = (
				98481DDF1E1F6D59005185D7 /* CustomDismissAnimationController.swift */,
				7AC4B6BF1E139C4D002EDA74 /* String+HelperMethod.swift */,
				7AC4B6C01E139C4D002EDA74 /* UIViewController+ShowPopup.swift */,
				A55709CA1E0D012800C82970 /* RegexMatching.swift */,
				A58AE9751E0C2B1300E75549 /* Date+String.swift */,
				A58AE9761E0C2B1300E75549 /* UIViewSeparators.swift */,
				A58AE9771E0C2B1300E75549 /* UserDefaults+HelperMethod.swift */,
				8C4E34C41E23A19A00112867 /* Float+HelperMethod.swift */,
			);
			name = Extensions;
			sourceTree = "<group>";
		};
		C95409CDA5F199B9FF6B1E9D /* Frameworks */ = {
			isa = PBXGroup;
			children = (
				97406A39354A363CBC3BCA5D /* Pods_Health_App.framework */,
				52DDE118EE49FA24EF295792 /* Pods_Health_AppTests.framework */,
				3575F76B456F25EE009585C8 /* Pods_Health_AppUITests.framework */,
			);
			name = Frameworks;
			sourceTree = "<group>";
		};
		DB0DA5CF1E1F95B50047DCCB /* Help */ = {
			isa = PBXGroup;
			children = (
				DB0DA5D01E1F96580047DCCB /* HelpViewController.swift */,
			);
			name = Help;
			sourceTree = "<group>";
		};
		DB32453D1E1509BA00ACB002 /* RealmObjects */ = {
			isa = PBXGroup;
			children = (
				7A46151C1E0BB7D100A32ED8 /* UserInfo.swift */,
				7A6257BC1E0D070B00C2C669 /* DataRecording.swift */,
				7A4615201E0BB85E00A32ED8 /* Meal.swift */,
			);
			name = RealmObjects;
			sourceTree = "<group>";
		};
		DB792AAC1E1CAC4100C317BE /* CustomTimePicker */ = {
			isa = PBXGroup;
			children = (
				DBFCD9231E273827004A3DDC /* TimePickerReminderViewController.swift */,
			);
			name = CustomTimePicker;
			sourceTree = "<group>";
		};
		DBDCA7641E1B862900BB3F45 /* About */ = {
			isa = PBXGroup;
			children = (
				DBDCA7651E1B867100BB3F45 /* AboutDataSource.swift */,
				DBDCA7661E1B867100BB3F45 /* AboutViewController.swift */,
			);
			name = About;
			sourceTree = "<group>";
		};
/* End PBXGroup section */

/* Begin PBXNativeTarget section */
		7AEBDE9C1E0A7375000DBB2D /* Health App */ = {
			isa = PBXNativeTarget;
			buildConfigurationList = 7AEBDEC71E0A7376000DBB2D /* Build configuration list for PBXNativeTarget "Health App" */;
			buildPhases = (
				775E51146AA22EAF6D26E370 /* [CP] Check Pods Manifest.lock */,
				7AEBDE991E0A7375000DBB2D /* Sources */,
				7AEBDE9A1E0A7375000DBB2D /* Frameworks */,
				7AEBDE9B1E0A7375000DBB2D /* Resources */,
				1CB1B7DA01F38B0B21A805EE /* [CP] Embed Pods Frameworks */,
				CDB3711602FC8409B4B8A19A /* [CP] Copy Pods Resources */,
			);
			buildRules = (
			);
			dependencies = (
			);
			name = "Health App";
			productName = "Health App";
			productReference = 7AEBDE9D1E0A7375000DBB2D /* Health App.app */;
			productType = "com.apple.product-type.application";
		};
		7AEBDEB21E0A7376000DBB2D /* Health AppTests */ = {
			isa = PBXNativeTarget;
			buildConfigurationList = 7AEBDECA1E0A7376000DBB2D /* Build configuration list for PBXNativeTarget "Health AppTests" */;
			buildPhases = (
				C1F53E86CC8A9FE42AC00C92 /* [CP] Check Pods Manifest.lock */,
				7AEBDEAF1E0A7376000DBB2D /* Sources */,
				7AEBDEB01E0A7376000DBB2D /* Frameworks */,
				7AEBDEB11E0A7376000DBB2D /* Resources */,
				8EFD744782CA3D791EB03B56 /* [CP] Embed Pods Frameworks */,
				E3A56924B11F028CDE600469 /* [CP] Copy Pods Resources */,
			);
			buildRules = (
			);
			dependencies = (
				7AEBDEB51E0A7376000DBB2D /* PBXTargetDependency */,
			);
			name = "Health AppTests";
			productName = "Health AppTests";
			productReference = 7AEBDEB31E0A7376000DBB2D /* Health AppTests.xctest */;
			productType = "com.apple.product-type.bundle.unit-test";
		};
		7AEBDEBD1E0A7376000DBB2D /* Health AppUITests */ = {
			isa = PBXNativeTarget;
			buildConfigurationList = 7AEBDECD1E0A7376000DBB2D /* Build configuration list for PBXNativeTarget "Health AppUITests" */;
			buildPhases = (
				E934A762942D9C0B5EF690B3 /* [CP] Check Pods Manifest.lock */,
				7AEBDEBA1E0A7376000DBB2D /* Sources */,
				7AEBDEBB1E0A7376000DBB2D /* Frameworks */,
				7AEBDEBC1E0A7376000DBB2D /* Resources */,
				4C443194DE8FCA85A06708F7 /* [CP] Embed Pods Frameworks */,
				4CCA1945822E3DCFE827DDD6 /* [CP] Copy Pods Resources */,
			);
			buildRules = (
			);
			dependencies = (
				7AEBDEC01E0A7376000DBB2D /* PBXTargetDependency */,
			);
			name = "Health AppUITests";
			productName = "Health AppUITests";
			productReference = 7AEBDEBE1E0A7376000DBB2D /* Health AppUITests.xctest */;
			productType = "com.apple.product-type.bundle.ui-testing";
		};
/* End PBXNativeTarget section */

/* Begin PBXProject section */
		7AEBDE951E0A7375000DBB2D /* Project object */ = {
			isa = PBXProject;
			attributes = {
				LastSwiftUpdateCheck = 0810;
				LastUpgradeCheck = 0810;
				ORGANIZATIONNAME = "Cong Phu";
				TargetAttributes = {
					7AEBDE9C1E0A7375000DBB2D = {
						CreatedOnToolsVersion = 8.1;
						DevelopmentTeam = GBJNECSNV2;
						ProvisioningStyle = Automatic;
						SystemCapabilities = {
							com.apple.BackgroundModes = {
								enabled = 0;
							};
							com.apple.Push = {
								enabled = 0;
							};
						};
					};
					7AEBDEB21E0A7376000DBB2D = {
						CreatedOnToolsVersion = 8.1;
						ProvisioningStyle = Automatic;
						TestTargetID = 7AEBDE9C1E0A7375000DBB2D;
					};
					7AEBDEBD1E0A7376000DBB2D = {
						CreatedOnToolsVersion = 8.1;
						ProvisioningStyle = Automatic;
						TestTargetID = 7AEBDE9C1E0A7375000DBB2D;
					};
				};
			};
			buildConfigurationList = 7AEBDE981E0A7375000DBB2D /* Build configuration list for PBXProject "Health App" */;
			compatibilityVersion = "Xcode 3.2";
			developmentRegion = English;
			hasScannedForEncodings = 0;
			knownRegions = (
				en,
				Base,
			);
			mainGroup = 7AEBDE941E0A7375000DBB2D;
			productRefGroup = 7AEBDE9E1E0A7375000DBB2D /* Products */;
			projectDirPath = "";
			projectRoot = "";
			targets = (
				7AEBDE9C1E0A7375000DBB2D /* Health App */,
				7AEBDEB21E0A7376000DBB2D /* Health AppTests */,
				7AEBDEBD1E0A7376000DBB2D /* Health AppUITests */,
			);
		};
/* End PBXProject section */

/* Begin PBXResourcesBuildPhase section */
		7AEBDE9B1E0A7375000DBB2D /* Resources */ = {
			isa = PBXResourcesBuildPhase;
			buildActionMask = 2147483647;
			files = (
				7A7878F51E1D04D300CD6E6C /* BikoInputCell.xib in Resources */,
				7AC4B6BE1E139C12002EDA74 /* InfiniDialogViewController.xib in Resources */,
				7AF66AF41E1BB87700A7C01E /* AddMoreCell.xib in Resources */,
				7A010B031E1214CD002585D8 /* Main.storyboard in Resources */,
				8CA846F01E13BED0009CF72D /* NormalHome.xib in Resources */,
				A58AE9721E0C26C600E75549 /* SingleItemCell.xib in Resources */,
				8CB06AA61E14FD9400EEEA39 /* BikoHome.xib in Resources */,
				7AC4B6B01E139BF8002EDA74 /* TargetDialog.xib in Resources */,
				A55709BE1E0CFB3900C82970 /* TextInputCell.xib in Resources */,
				985C35A31E1BB90C003DEC72 /* RadioCell.xib in Resources */,
				987ADF761E1B9EA100868DE9 /* AddNewMealDialog.xib in Resources */,
				7AC4B6BC1E139C12002EDA74 /* HealthDatePickerViewController.xib in Resources */,
				A55709D11E0D212D00C82970 /* SegmentedCell.xib in Resources */,
				7AFF1F911E128B9D00C34CC5 /* BaseCell.xib in Resources */,
				7A010B021E1214CD002585D8 /* LaunchScreen.storyboard in Resources */,
				98E894241E1B551200866ADB /* CalorieSavingSettingDialog.xib in Resources */,
				A58AE97E1E0C3ADF00E75549 /* SingleItemContentCell.xib in Resources */,
				DBDCA76E1E1BD6E400BB3F45 /* SingleItemButtonCell.xib in Resources */,
				7AC4B6BA1E139C12002EDA74 /* HealthDatePickerView.xib in Resources */,
				98E894281E1B609C00866ADB /* SelectBikokusaiDialog.xib in Resources */,
				7AEBDEAA1E0A7376000DBB2D /* Assets.xcassets in Resources */,
				DB7F23791E224F2000957B69 /* InputSegmentedCell.xib in Resources */,
				7AFF1F941E138F7200C34CC5 /* MomentumView.xib in Resources */,
				9861CE3C1E150545002C12DE /* TargetWeightSettingDialog.xib in Resources */,
			);
			runOnlyForDeploymentPostprocessing = 0;
		};
		7AEBDEB11E0A7376000DBB2D /* Resources */ = {
			isa = PBXResourcesBuildPhase;
			buildActionMask = 2147483647;
			files = (
			);
			runOnlyForDeploymentPostprocessing = 0;
		};
		7AEBDEBC1E0A7376000DBB2D /* Resources */ = {
			isa = PBXResourcesBuildPhase;
			buildActionMask = 2147483647;
			files = (
			);
			runOnlyForDeploymentPostprocessing = 0;
		};
/* End PBXResourcesBuildPhase section */

/* Begin PBXShellScriptBuildPhase section */
		1CB1B7DA01F38B0B21A805EE /* [CP] Embed Pods Frameworks */ = {
			isa = PBXShellScriptBuildPhase;
			buildActionMask = 2147483647;
			files = (
			);
			inputPaths = (
			);
			name = "[CP] Embed Pods Frameworks";
			outputPaths = (
			);
			runOnlyForDeploymentPostprocessing = 0;
			shellPath = /bin/sh;
			shellScript = "\"${SRCROOT}/Pods/Target Support Files/Pods-Health App/Pods-Health App-frameworks.sh\"\n";
			showEnvVarsInLog = 0;
		};
		4C443194DE8FCA85A06708F7 /* [CP] Embed Pods Frameworks */ = {
			isa = PBXShellScriptBuildPhase;
			buildActionMask = 2147483647;
			files = (
			);
			inputPaths = (
			);
			name = "[CP] Embed Pods Frameworks";
			outputPaths = (
			);
			runOnlyForDeploymentPostprocessing = 0;
			shellPath = /bin/sh;
			shellScript = "\"${SRCROOT}/Pods/Target Support Files/Pods-Health AppUITests/Pods-Health AppUITests-frameworks.sh\"\n";
			showEnvVarsInLog = 0;
		};
		4CCA1945822E3DCFE827DDD6 /* [CP] Copy Pods Resources */ = {
			isa = PBXShellScriptBuildPhase;
			buildActionMask = 2147483647;
			files = (
			);
			inputPaths = (
			);
			name = "[CP] Copy Pods Resources";
			outputPaths = (
			);
			runOnlyForDeploymentPostprocessing = 0;
			shellPath = /bin/sh;
			shellScript = "\"${SRCROOT}/Pods/Target Support Files/Pods-Health AppUITests/Pods-Health AppUITests-resources.sh\"\n";
			showEnvVarsInLog = 0;
		};
		775E51146AA22EAF6D26E370 /* [CP] Check Pods Manifest.lock */ = {
			isa = PBXShellScriptBuildPhase;
			buildActionMask = 2147483647;
			files = (
			);
			inputPaths = (
			);
			name = "[CP] Check Pods Manifest.lock";
			outputPaths = (
			);
			runOnlyForDeploymentPostprocessing = 0;
			shellPath = /bin/sh;
			shellScript = "diff \"${PODS_ROOT}/../Podfile.lock\" \"${PODS_ROOT}/Manifest.lock\" > /dev/null\nif [ $? != 0 ] ; then\n    # print error to STDERR\n    echo \"error: The sandbox is not in sync with the Podfile.lock. Run 'pod install' or update your CocoaPods installation.\" >&2\n    exit 1\nfi\n";
			showEnvVarsInLog = 0;
		};
		8EFD744782CA3D791EB03B56 /* [CP] Embed Pods Frameworks */ = {
			isa = PBXShellScriptBuildPhase;
			buildActionMask = 2147483647;
			files = (
			);
			inputPaths = (
			);
			name = "[CP] Embed Pods Frameworks";
			outputPaths = (
			);
			runOnlyForDeploymentPostprocessing = 0;
			shellPath = /bin/sh;
			shellScript = "\"${SRCROOT}/Pods/Target Support Files/Pods-Health AppTests/Pods-Health AppTests-frameworks.sh\"\n";
			showEnvVarsInLog = 0;
		};
		C1F53E86CC8A9FE42AC00C92 /* [CP] Check Pods Manifest.lock */ = {
			isa = PBXShellScriptBuildPhase;
			buildActionMask = 2147483647;
			files = (
			);
			inputPaths = (
			);
			name = "[CP] Check Pods Manifest.lock";
			outputPaths = (
			);
			runOnlyForDeploymentPostprocessing = 0;
			shellPath = /bin/sh;
			shellScript = "diff \"${PODS_ROOT}/../Podfile.lock\" \"${PODS_ROOT}/Manifest.lock\" > /dev/null\nif [ $? != 0 ] ; then\n    # print error to STDERR\n    echo \"error: The sandbox is not in sync with the Podfile.lock. Run 'pod install' or update your CocoaPods installation.\" >&2\n    exit 1\nfi\n";
			showEnvVarsInLog = 0;
		};
		CDB3711602FC8409B4B8A19A /* [CP] Copy Pods Resources */ = {
			isa = PBXShellScriptBuildPhase;
			buildActionMask = 2147483647;
			files = (
			);
			inputPaths = (
			);
			name = "[CP] Copy Pods Resources";
			outputPaths = (
			);
			runOnlyForDeploymentPostprocessing = 0;
			shellPath = /bin/sh;
			shellScript = "\"${SRCROOT}/Pods/Target Support Files/Pods-Health App/Pods-Health App-resources.sh\"\n";
			showEnvVarsInLog = 0;
		};
		E3A56924B11F028CDE600469 /* [CP] Copy Pods Resources */ = {
			isa = PBXShellScriptBuildPhase;
			buildActionMask = 2147483647;
			files = (
			);
			inputPaths = (
			);
			name = "[CP] Copy Pods Resources";
			outputPaths = (
			);
			runOnlyForDeploymentPostprocessing = 0;
			shellPath = /bin/sh;
			shellScript = "\"${SRCROOT}/Pods/Target Support Files/Pods-Health AppTests/Pods-Health AppTests-resources.sh\"\n";
			showEnvVarsInLog = 0;
		};
		E934A762942D9C0B5EF690B3 /* [CP] Check Pods Manifest.lock */ = {
			isa = PBXShellScriptBuildPhase;
			buildActionMask = 2147483647;
			files = (
			);
			inputPaths = (
			);
			name = "[CP] Check Pods Manifest.lock";
			outputPaths = (
			);
			runOnlyForDeploymentPostprocessing = 0;
			shellPath = /bin/sh;
			shellScript = "diff \"${PODS_ROOT}/../Podfile.lock\" \"${PODS_ROOT}/Manifest.lock\" > /dev/null\nif [ $? != 0 ] ; then\n    # print error to STDERR\n    echo \"error: The sandbox is not in sync with the Podfile.lock. Run 'pod install' or update your CocoaPods installation.\" >&2\n    exit 1\nfi\n";
			showEnvVarsInLog = 0;
		};
/* End PBXShellScriptBuildPhase section */

/* Begin PBXSourcesBuildPhase section */
		7AEBDE991E0A7375000DBB2D /* Sources */ = {
			isa = PBXSourcesBuildPhase;
			buildActionMask = 2147483647;
			files = (
				A58AE9791E0C2B1300E75549 /* UIViewSeparators.swift in Sources */,
				A58AE9441E0C18F800E75549 /* DataRecordingDataSource.swift in Sources */,
				A5FDE8791E1672CE00C28A1C /* GreenButton.swift in Sources */,
				A58AE93A1E0C144700E75549 /* WelcomeDataSource.swift in Sources */,
				A58AE96C1E0C230500E75549 /* SeparatorViews.swift in Sources */,
				7AC4B6B91E139C12002EDA74 /* HealthDatePickerView.swift in Sources */,
				7A7878F91E1DF49000CD6E6C /* MealInfo.swift in Sources */,
				7AEBDEEB1E0A88C8000DBB2D /* AppConfig.swift in Sources */,
				A58AE97A1E0C2B1300E75549 /* UserDefaults+HelperMethod.swift in Sources */,
				7AEBDEDD1E0A7BF1000DBB2D /* CheckPhotoViewController.swift in Sources */,
				A58AE94E1E0C19F200E75549 /* BasicDataSettingDataSource.swift in Sources */,
				7AF66AF01E1BB81F00A7C01E /* AppConfig+Strings.swift in Sources */,
				A58AE9621E0C1ED500E75549 /* AppConfig+Colors.swift in Sources */,
				A58AE94B1E0C19C700E75549 /* BasicDataSettingViewController.swift in Sources */,
				7AC4B6C11E139C4D002EDA74 /* String+HelperMethod.swift in Sources */,
				7AFF1F8D1E127EF500C34CC5 /* InputDataCellModel.swift in Sources */,
				A58AE9491E0C197800E75549 /* MyDataDataSource.swift in Sources */,
				98E8942D1E1B63E300866ADB /* SSRadioButton.swift in Sources */,
				A58AE9401E0C188400E75549 /* SettingsViewController.swift in Sources */,
				9861CE3B1E150545002C12DE /* TargetWeightSettingDialog.swift in Sources */,
				DBDCA7701E1BD73400BB3F45 /* SingleItemButtonCell.swift in Sources */,
				8C4E34C51E23A19A00112867 /* Float+HelperMethod.swift in Sources */,
				7A6257BF1E0D071200C2C669 /* UserDataManager.swift in Sources */,
				9861CE3F1E150703002C12DE /* Utils.swift in Sources */,
				A58AE93C1E0C182D00E75549 /* UserInfoDataSource.swift in Sources */,
				A55709CB1E0D012800C82970 /* RegexMatching.swift in Sources */,
				7AC4B6AF1E139BF8002EDA74 /* TargetDialog.swift in Sources */,
				98E8942E1E1B63E300866ADB /* SSRadioButtonsController.swift in Sources */,
				7AC4B6BD1E139C12002EDA74 /* InfiniDialogViewController.swift in Sources */,
				7A4615211E0BB85E00A32ED8 /* Meal.swift in Sources */,
				9861CE3A1E150545002C12DE /* BaseDialogView.swift in Sources */,
				7AC4B6BB1E139C12002EDA74 /* HealthDatePickerViewController.swift in Sources */,
				7AF5A3171E1F6E3B00297DB1 /* InputSegmentedCellModel.swift in Sources */,
				A58AE9351E0C13B100E75549 /* BaseDataSource.swift in Sources */,
				DBDCA7681E1B867100BB3F45 /* AboutViewController.swift in Sources */,
				DB3245411E150A5800ACB002 /* UserObject.swift in Sources */,
				7AEBDEE81E0A83F0000DBB2D /* DataRecordingViewController.swift in Sources */,
				A58AE9781E0C2B1300E75549 /* Date+String.swift in Sources */,
				7A6257BD1E0D070B00C2C669 /* DataRecording.swift in Sources */,
				DBDCA7671E1B867100BB3F45 /* AboutDataSource.swift in Sources */,
				7A7878F41E1D04D300CD6E6C /* BikoInputCell.swift in Sources */,
				7AF66AF61E1BB9E700A7C01E /* AddMoreCellModel.swift in Sources */,
				DB0DA5D11E1F96580047DCCB /* HelpViewController.swift in Sources */,
				A58AE9511E0C1A2500E75549 /* BikokusaiSettingViewController.swift in Sources */,
				A58AE9581E0C1AA200E75549 /* ReminderSettingDataSource.swift in Sources */,
				985C35A21E1BB90C003DEC72 /* RadioCell.swift in Sources */,
				7AEBDEA11E0A7375000DBB2D /* AppDelegate.swift in Sources */,
				7A7878F71E1D0EC400CD6E6C /* BikoInputCellModel.swift in Sources */,
				9861CE401E150703002C12DE /* Utils+ShowDialogs.swift in Sources */,
				A58AE93E1E0C185000E75549 /* HomeDataSource.swift in Sources */,
				A55709D31E0D223200C82970 /* SegmentedCellModel.swift in Sources */,
				985C35A51E1BBC05003DEC72 /* HowToDrinkViewController.swift in Sources */,
				A58AE9421E0C189200E75549 /* SettingsDataSource.swift in Sources */,
				A5575B4F1E1F73C600BFA803 /* FloatTextField.swift in Sources */,
				7AF66AF31E1BB87700A7C01E /* AddMoreCell.swift in Sources */,
				A58AE9561E0C1A9600E75549 /* ReminderSettingViewController.swift in Sources */,
				7A46151D1E0BB7D100A32ED8 /* UserInfo.swift in Sources */,
				A55709BA1E0CF43000C82970 /* TextInputCellModel.swift in Sources */,
				98E894221E1B550500866ADB /* CalorieSavingSettingDialog.swift in Sources */,
				A58AE96B1E0C230500E75549 /* SeparatorSupportView.swift in Sources */,
				7AEBDEE21E0A7FCA000DBB2D /* UserInfoViewController.swift in Sources */,
				A58AE9531E0C1A3300E75549 /* BikokusaiSettingDataSource.swift in Sources */,
				985C35A71E1BBC31003DEC72 /* HowToDrinkDataSource.swift in Sources */,
				A55709CF1E0D210100C82970 /* SegmentedCell.swift in Sources */,
				987ADF741E1B9E8900868DE9 /* AddNewMealDialog.swift in Sources */,
				A58AE97C1E0C2F2D00E75549 /* BaseCell.swift in Sources */,
				7AEBDED71E0A7BA3000DBB2D /* BaseViewController.swift in Sources */,
				7AF5A3141E1F6B7000297DB1 /* InputSegmentedCell.swift in Sources */,
				98E894261E1B608B00866ADB /* SelectBikokusaiDialog.swift in Sources */,
				A5575B4D1E1F729400BFA803 /* ValidatingTextField.swift in Sources */,
				A58AE9641E0C212D00E75549 /* BaseCellModel.swift in Sources */,
				A58AE9471E0C196000E75549 /* MyDataViewController.swift in Sources */,
				7AF5A3191E1F748400297DB1 /* AppConfig+Fonts.swift in Sources */,
				DBDCA76B1E1BD6D900BB3F45 /* SingleItemButtonCellModel.swift in Sources */,
				7AFF1F8B1E127E1300C34CC5 /* InputDataCell.swift in Sources */,
				985C35A91E1BC18E003DEC72 /* RadioCellModel.swift in Sources */,
				7AEBDEE01E0A7FB7000DBB2D /* WelcomeViewController.swift in Sources */,
				7AC4B6C41E13B5A1002EDA74 /* SingleItemCellModel.swift in Sources */,
				A58AE9371E0C13C300E75549 /* BaseTableViewController.swift in Sources */,
				DBFCD9241E273827004A3DDC /* TimePickerReminderViewController.swift in Sources */,
				A55709BC1E0CF5CE00C82970 /* TextInputCell.swift in Sources */,
				7AEBDEEC1E0A88C8000DBB2D /* AppConfig+Keys.swift in Sources */,
				7AEBDEE61E0A835F000DBB2D /* TakePhotoViewController.swift in Sources */,
				7AEBDEE41E0A80DB000DBB2D /* HomeViewController.swift in Sources */,
				98481DE01E1F6D59005185D7 /* CustomDismissAnimationController.swift in Sources */,
				7AC4B6C21E139C4D002EDA74 /* UIViewController+ShowPopup.swift in Sources */,
				A58AE95A1E0C1AE800E75549 /* NewsViewController.swift in Sources */,
				A58AE9711E0C26C600E75549 /* SingleItemCell.swift in Sources */,
			);
			runOnlyForDeploymentPostprocessing = 0;
		};
		7AEBDEAF1E0A7376000DBB2D /* Sources */ = {
			isa = PBXSourcesBuildPhase;
			buildActionMask = 2147483647;
			files = (
				7AEBDEB81E0A7376000DBB2D /* Health_AppTests.swift in Sources */,
			);
			runOnlyForDeploymentPostprocessing = 0;
		};
		7AEBDEBA1E0A7376000DBB2D /* Sources */ = {
			isa = PBXSourcesBuildPhase;
			buildActionMask = 2147483647;
			files = (
				7AEBDEC31E0A7376000DBB2D /* Health_AppUITests.swift in Sources */,
			);
			runOnlyForDeploymentPostprocessing = 0;
		};
/* End PBXSourcesBuildPhase section */

/* Begin PBXTargetDependency section */
		7AEBDEB51E0A7376000DBB2D /* PBXTargetDependency */ = {
			isa = PBXTargetDependency;
			target = 7AEBDE9C1E0A7375000DBB2D /* Health App */;
			targetProxy = 7AEBDEB41E0A7376000DBB2D /* PBXContainerItemProxy */;
		};
		7AEBDEC01E0A7376000DBB2D /* PBXTargetDependency */ = {
			isa = PBXTargetDependency;
			target = 7AEBDE9C1E0A7375000DBB2D /* Health App */;
			targetProxy = 7AEBDEBF1E0A7376000DBB2D /* PBXContainerItemProxy */;
		};
/* End PBXTargetDependency section */

/* Begin XCBuildConfiguration section */
		7AEBDEC51E0A7376000DBB2D /* Debug */ = {
			isa = XCBuildConfiguration;
			buildSettings = {
				ALWAYS_SEARCH_USER_PATHS = NO;
				CLANG_ANALYZER_NONNULL = YES;
				CLANG_CXX_LANGUAGE_STANDARD = "gnu++0x";
				CLANG_CXX_LIBRARY = "libc++";
				CLANG_ENABLE_MODULES = YES;
				CLANG_ENABLE_OBJC_ARC = YES;
				CLANG_WARN_BOOL_CONVERSION = YES;
				CLANG_WARN_CONSTANT_CONVERSION = YES;
				CLANG_WARN_DIRECT_OBJC_ISA_USAGE = YES_ERROR;
				CLANG_WARN_DOCUMENTATION_COMMENTS = YES;
				CLANG_WARN_EMPTY_BODY = YES;
				CLANG_WARN_ENUM_CONVERSION = YES;
				CLANG_WARN_INFINITE_RECURSION = YES;
				CLANG_WARN_INT_CONVERSION = YES;
				CLANG_WARN_OBJC_ROOT_CLASS = YES_ERROR;
				CLANG_WARN_SUSPICIOUS_MOVES = YES;
				CLANG_WARN_UNREACHABLE_CODE = YES;
				CLANG_WARN__DUPLICATE_METHOD_MATCH = YES;
				"CODE_SIGN_IDENTITY[sdk=iphoneos*]" = "iPhone Developer";
				COPY_PHASE_STRIP = NO;
				DEBUG_INFORMATION_FORMAT = dwarf;
				ENABLE_STRICT_OBJC_MSGSEND = YES;
				ENABLE_TESTABILITY = YES;
				GCC_C_LANGUAGE_STANDARD = gnu99;
				GCC_DYNAMIC_NO_PIC = NO;
				GCC_NO_COMMON_BLOCKS = YES;
				GCC_OPTIMIZATION_LEVEL = 0;
				GCC_PREPROCESSOR_DEFINITIONS = (
					"DEBUG=1",
					"$(inherited)",
				);
				GCC_WARN_64_TO_32_BIT_CONVERSION = YES;
				GCC_WARN_ABOUT_RETURN_TYPE = YES_ERROR;
				GCC_WARN_UNDECLARED_SELECTOR = YES;
				GCC_WARN_UNINITIALIZED_AUTOS = YES_AGGRESSIVE;
				GCC_WARN_UNUSED_FUNCTION = YES;
				GCC_WARN_UNUSED_VARIABLE = YES;
				MTL_ENABLE_DEBUG_INFO = YES;
				ONLY_ACTIVE_ARCH = YES;
				SDKROOT = iphoneos;
				SWIFT_ACTIVE_COMPILATION_CONDITIONS = DEBUG;
				SWIFT_OPTIMIZATION_LEVEL = "-Onone";
			};
			name = Debug;
		};
		7AEBDEC61E0A7376000DBB2D /* Release */ = {
			isa = XCBuildConfiguration;
			buildSettings = {
				ALWAYS_SEARCH_USER_PATHS = NO;
				CLANG_ANALYZER_NONNULL = YES;
				CLANG_CXX_LANGUAGE_STANDARD = "gnu++0x";
				CLANG_CXX_LIBRARY = "libc++";
				CLANG_ENABLE_MODULES = YES;
				CLANG_ENABLE_OBJC_ARC = YES;
				CLANG_WARN_BOOL_CONVERSION = YES;
				CLANG_WARN_CONSTANT_CONVERSION = YES;
				CLANG_WARN_DIRECT_OBJC_ISA_USAGE = YES_ERROR;
				CLANG_WARN_DOCUMENTATION_COMMENTS = YES;
				CLANG_WARN_EMPTY_BODY = YES;
				CLANG_WARN_ENUM_CONVERSION = YES;
				CLANG_WARN_INFINITE_RECURSION = YES;
				CLANG_WARN_INT_CONVERSION = YES;
				CLANG_WARN_OBJC_ROOT_CLASS = YES_ERROR;
				CLANG_WARN_SUSPICIOUS_MOVES = YES;
				CLANG_WARN_UNREACHABLE_CODE = YES;
				CLANG_WARN__DUPLICATE_METHOD_MATCH = YES;
				"CODE_SIGN_IDENTITY[sdk=iphoneos*]" = "iPhone Developer";
				COPY_PHASE_STRIP = NO;
				DEBUG_INFORMATION_FORMAT = "dwarf-with-dsym";
				ENABLE_NS_ASSERTIONS = NO;
				ENABLE_STRICT_OBJC_MSGSEND = YES;
				GCC_C_LANGUAGE_STANDARD = gnu99;
				GCC_NO_COMMON_BLOCKS = YES;
				GCC_WARN_64_TO_32_BIT_CONVERSION = YES;
				GCC_WARN_ABOUT_RETURN_TYPE = YES_ERROR;
				GCC_WARN_UNDECLARED_SELECTOR = YES;
				GCC_WARN_UNINITIALIZED_AUTOS = YES_AGGRESSIVE;
				GCC_WARN_UNUSED_FUNCTION = YES;
				GCC_WARN_UNUSED_VARIABLE = YES;
				MTL_ENABLE_DEBUG_INFO = NO;
				SDKROOT = iphoneos;
				SWIFT_OPTIMIZATION_LEVEL = "-Owholemodule";
				VALIDATE_PRODUCT = YES;
			};
			name = Release;
		};
		7AEBDEC81E0A7376000DBB2D /* Debug */ = {
			isa = XCBuildConfiguration;
			baseConfigurationReference = 0C94EDD5FBB12D7A8447F162 /* Pods-Health App.debug.xcconfig */;
			buildSettings = {
				ASSETCATALOG_COMPILER_APPICON_NAME = AppIcon;
				DEVELOPMENT_TEAM = GBJNECSNV2;
				INFOPLIST_FILE = "Health App/Info.plist";
				IPHONEOS_DEPLOYMENT_TARGET = 9.0;
				LD_RUNPATH_SEARCH_PATHS = "$(inherited) @executable_path/Frameworks";
				PRODUCT_BUNDLE_IDENTIFIER = jp.co.brooks.cafesuppli.development;
				PRODUCT_NAME = "$(TARGET_NAME)";
				SWIFT_VERSION = 3.0;
			};
			name = Debug;
		};
		7AEBDEC91E0A7376000DBB2D /* Release */ = {
			isa = XCBuildConfiguration;
			baseConfigurationReference = 3FD6A2FC2EBCF273CF8E7385 /* Pods-Health App.release.xcconfig */;
			buildSettings = {
				ASSETCATALOG_COMPILER_APPICON_NAME = AppIcon;
				DEVELOPMENT_TEAM = VV5J8JYG4B;
				INFOPLIST_FILE = "Health App/Info.plist";
				IPHONEOS_DEPLOYMENT_TARGET = 9.0;
				LD_RUNPATH_SEARCH_PATHS = "$(inherited) @executable_path/Frameworks";
				PRODUCT_BUNDLE_IDENTIFIER = jp.co.brooks.cafesuppli.development;
				PRODUCT_NAME = "$(TARGET_NAME)";
				SWIFT_VERSION = 3.0;
			};
			name = Release;
		};
		7AEBDECB1E0A7376000DBB2D /* Debug */ = {
			isa = XCBuildConfiguration;
			baseConfigurationReference = 09AB264B39853B0F5117D14C /* Pods-Health AppTests.debug.xcconfig */;
			buildSettings = {
				ALWAYS_EMBED_SWIFT_STANDARD_LIBRARIES = YES;
				BUNDLE_LOADER = "$(TEST_HOST)";
				INFOPLIST_FILE = "Health AppTests/Info.plist";
				LD_RUNPATH_SEARCH_PATHS = "$(inherited) @executable_path/Frameworks @loader_path/Frameworks";
				PRODUCT_BUNDLE_IDENTIFIER = "TerraLogic.Health-AppTests";
				PRODUCT_NAME = "$(TARGET_NAME)";
				SWIFT_VERSION = 3.0;
				TEST_HOST = "$(BUILT_PRODUCTS_DIR)/Health App.app/Health App";
			};
			name = Debug;
		};
		7AEBDECC1E0A7376000DBB2D /* Release */ = {
			isa = XCBuildConfiguration;
			baseConfigurationReference = 58DB8D7C555D08CF5E0E75CB /* Pods-Health AppTests.release.xcconfig */;
			buildSettings = {
				ALWAYS_EMBED_SWIFT_STANDARD_LIBRARIES = YES;
				BUNDLE_LOADER = "$(TEST_HOST)";
				INFOPLIST_FILE = "Health AppTests/Info.plist";
				LD_RUNPATH_SEARCH_PATHS = "$(inherited) @executable_path/Frameworks @loader_path/Frameworks";
				PRODUCT_BUNDLE_IDENTIFIER = "TerraLogic.Health-AppTests";
				PRODUCT_NAME = "$(TARGET_NAME)";
				SWIFT_VERSION = 3.0;
				TEST_HOST = "$(BUILT_PRODUCTS_DIR)/Health App.app/Health App";
			};
			name = Release;
		};
		7AEBDECE1E0A7376000DBB2D /* Debug */ = {
			isa = XCBuildConfiguration;
			baseConfigurationReference = 4EB1EFED88D8F6678A10E82B /* Pods-Health AppUITests.debug.xcconfig */;
			buildSettings = {
				ALWAYS_EMBED_SWIFT_STANDARD_LIBRARIES = YES;
				INFOPLIST_FILE = "Health AppUITests/Info.plist";
				LD_RUNPATH_SEARCH_PATHS = "$(inherited) @executable_path/Frameworks @loader_path/Frameworks";
				PRODUCT_BUNDLE_IDENTIFIER = "TerraLogic.Health-AppUITests";
				PRODUCT_NAME = "$(TARGET_NAME)";
				SWIFT_VERSION = 3.0;
				TEST_TARGET_NAME = "Health App";
			};
			name = Debug;
		};
		7AEBDECF1E0A7376000DBB2D /* Release */ = {
			isa = XCBuildConfiguration;
			baseConfigurationReference = F359D6DAB44AFBC8C3092B40 /* Pods-Health AppUITests.release.xcconfig */;
			buildSettings = {
				ALWAYS_EMBED_SWIFT_STANDARD_LIBRARIES = YES;
				INFOPLIST_FILE = "Health AppUITests/Info.plist";
				LD_RUNPATH_SEARCH_PATHS = "$(inherited) @executable_path/Frameworks @loader_path/Frameworks";
				PRODUCT_BUNDLE_IDENTIFIER = "TerraLogic.Health-AppUITests";
				PRODUCT_NAME = "$(TARGET_NAME)";
				SWIFT_VERSION = 3.0;
				TEST_TARGET_NAME = "Health App";
			};
			name = Release;
		};
/* End XCBuildConfiguration section */

/* Begin XCConfigurationList section */
		7AEBDE981E0A7375000DBB2D /* Build configuration list for PBXProject "Health App" */ = {
			isa = XCConfigurationList;
			buildConfigurations = (
				7AEBDEC51E0A7376000DBB2D /* Debug */,
				7AEBDEC61E0A7376000DBB2D /* Release */,
			);
			defaultConfigurationIsVisible = 0;
			defaultConfigurationName = Release;
		};
		7AEBDEC71E0A7376000DBB2D /* Build configuration list for PBXNativeTarget "Health App" */ = {
			isa = XCConfigurationList;
			buildConfigurations = (
				7AEBDEC81E0A7376000DBB2D /* Debug */,
				7AEBDEC91E0A7376000DBB2D /* Release */,
			);
			defaultConfigurationIsVisible = 0;
			defaultConfigurationName = Release;
		};
		7AEBDECA1E0A7376000DBB2D /* Build configuration list for PBXNativeTarget "Health AppTests" */ = {
			isa = XCConfigurationList;
			buildConfigurations = (
				7AEBDECB1E0A7376000DBB2D /* Debug */,
				7AEBDECC1E0A7376000DBB2D /* Release */,
			);
			defaultConfigurationIsVisible = 0;
			defaultConfigurationName = Release;
		};
		7AEBDECD1E0A7376000DBB2D /* Build configuration list for PBXNativeTarget "Health AppUITests" */ = {
			isa = XCConfigurationList;
			buildConfigurations = (
				7AEBDECE1E0A7376000DBB2D /* Debug */,
				7AEBDECF1E0A7376000DBB2D /* Release */,
			);
			defaultConfigurationIsVisible = 0;
			defaultConfigurationName = Release;
		};
/* End XCConfigurationList section */
	};
	rootObject = 7AEBDE951E0A7375000DBB2D /* Project object */;
}
